
Microsoft Visual Studio Solution File, Format Version 12.00
# Visual Studio Version 17
VisualStudioVersion = 17.14.36203.30
MinimumVisualStudioVersion = 10.0.40219.1
Project("{2150E333-8FDC-42A3-9474-1A3956D46DE8}") = "src", "src", "{6C7E5914-CD6B-40F1-BFD7-8FB17E3EAE11}"
	ProjectSection(SolutionItems) = preProject
		src\Directory.Build.props = src\Directory.Build.props
		src\Directory.Build.targets = src\Directory.Build.targets
	EndProjectSection
EndProject
Project("{2150E333-8FDC-42A3-9474-1A3956D46DE8}") = "test", "test", "{9D50B35B-1EAA-4620-B0A6-245456051247}"
EndProject
Project("{FAE04EC0-301F-11D3-BF4B-00C04F79EFBC}") = "YS.Knife.EFCore", "src\YS.Knife.EFCore\YS.Knife.EFCore.csproj", "{F9A31D17-17DE-5DF1-1272-7CBEFBFA3B66}"
EndProject
Project("{FAE04EC0-301F-11D3-BF4B-00C04F79EFBC}") = "YS.Knife.EntityBase", "src\YS.Knife.EntityBase\YS.Knife.EntityBase.csproj", "{E9EBC933-F349-9840-E719-B578A87B49B8}"
EndProject
Project("{FAE04EC0-301F-11D3-BF4B-00C04F79EFBC}") = "YS.Knife.Service.EFCoreBase", "src\YS.Knife.Service.EFCoreBase\YS.Knife.Service.EFCoreBase.csproj", "{A58AD0B1-1295-E8F6-E8B0-E1AB16591B1F}"
EndProject
Project("{FAE04EC0-301F-11D3-BF4B-00C04F79EFBC}") = "Playground", "test\Playground\Playground.csproj", "{2944B279-3495-6CAC-80C6-7279BA2DA66C}"
EndProject
Project("{FAE04EC0-301F-11D3-BF4B-00C04F79EFBC}") = "YS.Knife.ServiceBase", "src\YS.Knife.ServiceBase\YS.Knife.ServiceBase.csproj", "{6C598365-8A4A-EB94-1A86-4AA4DD739C5D}"
EndProject
Global
	GlobalSection(SolutionConfigurationPlatforms) = preSolution
		Debug|Any CPU = Debug|Any CPU
		Release|Any CPU = Release|Any CPU
	EndGlobalSection
	GlobalSection(ProjectConfigurationPlatforms) = postSolution
		{F9A31D17-17DE-5DF1-1272-7CBEFBFA3B66}.Debug|Any CPU.ActiveCfg = Debug|Any CPU
		{F9A31D17-17DE-5DF1-1272-7CBEFBFA3B66}.Debug|Any CPU.Build.0 = Debug|Any CPU
		{F9A31D17-17DE-5DF1-1272-7CBEFBFA3B66}.Release|Any CPU.ActiveCfg = Release|Any CPU
		{F9A31D17-17DE-5DF1-1272-7CBEFBFA3B66}.Release|Any CPU.Build.0 = Release|Any CPU
		{E9EBC933-F349-9840-E719-B578A87B49B8}.Debug|Any CPU.ActiveCfg = Debug|Any CPU
		{E9EBC933-F349-9840-E719-B578A87B49B8}.Debug|Any CPU.Build.0 = Debug|Any CPU
		{E9EBC933-F349-9840-E719-B578A87B49B8}.Release|Any CPU.ActiveCfg = Release|Any CPU
		{E9EBC933-F349-9840-E719-B578A87B49B8}.Release|Any CPU.Build.0 = Release|Any CPU
		{A58AD0B1-1295-E8F6-E8B0-E1AB16591B1F}.Debug|Any CPU.ActiveCfg = Debug|Any CPU
		{A58AD0B1-1295-E8F6-E8B0-E1AB16591B1F}.Debug|Any CPU.Build.0 = Debug|Any CPU
		{A58AD0B1-1295-E8F6-E8B0-E1AB16591B1F}.Release|Any CPU.ActiveCfg = Release|Any CPU
		{A58AD0B1-1295-E8F6-E8B0-E1AB16591B1F}.Release|Any CPU.Build.0 = Release|Any CPU
		{2944B279-3495-6CAC-80C6-7279BA2DA66C}.Debug|Any CPU.ActiveCfg = Debug|Any CPU
		{2944B279-3495-6CAC-80C6-7279BA2DA66C}.Debug|Any CPU.Build.0 = Debug|Any CPU
		{2944B279-3495-6CAC-80C6-7279BA2DA66C}.Release|Any CPU.ActiveCfg = Release|Any CPU
		{2944B279-3495-6CAC-80C6-7279BA2DA66C}.Release|Any CPU.Build.0 = Release|Any CPU
		{6C598365-8A4A-EB94-1A86-4AA4DD739C5D}.Debug|Any CPU.ActiveCfg = Debug|Any CPU
		{6C598365-8A4A-EB94-1A86-4AA4DD739C5D}.Debug|Any CPU.Build.0 = Debug|Any CPU
		{6C598365-8A4A-EB94-1A86-4AA4DD739C5D}.Release|Any CPU.ActiveCfg = Release|Any CPU
		{6C598365-8A4A-EB94-1A86-4AA4DD739C5D}.Release|Any CPU.Build.0 = Release|Any CPU
	EndGlobalSection
	GlobalSection(SolutionProperties) = preSolution
		HideSolutionNode = FALSE
	EndGlobalSection
	GlobalSection(NestedProjects) = preSolution
		{F9A31D17-17DE-5DF1-1272-7CBEFBFA3B66} = {6C7E5914-CD6B-40F1-BFD7-8FB17E3EAE11}
		{E9EBC933-F349-9840-E719-B578A87B49B8} = {6C7E5914-CD6B-40F1-BFD7-8FB17E3EAE11}
		{A58AD0B1-1295-E8F6-E8B0-E1AB16591B1F} = {6C7E5914-CD6B-40F1-BFD7-8FB17E3EAE11}
		{2944B279-3495-6CAC-80C6-7279BA2DA66C} = {9D50B35B-1EAA-4620-B0A6-245456051247}
		{6C598365-8A4A-EB94-1A86-4AA4DD739C5D} = {6C7E5914-CD6B-40F1-BFD7-8FB17E3EAE11}
	EndGlobalSection
	GlobalSection(ExtensibilityGlobals) = postSolution
		SolutionGuid = {DB11BB21-3F5D-42D6-8737-F19C0666F1F8}
	EndGlobalSection
EndGlobal
