
Microsoft Visual Studio Solution File, Format Version 12.00
# Visual Studio Version 17
VisualStudioVersion = 17.14.36203.30
MinimumVisualStudioVersion = 10.0.40219.1
Project("{2150E333-8FDC-42A3-9474-1A3956D46DE8}") = "src", "src", "{6C7E5914-CD6B-40F1-BFD7-8FB17E3EAE11}"
	ProjectSection(SolutionItems) = preProject
		src\Directory.Build.props = src\Directory.Build.props
		src\Directory.Build.targets = src\Directory.Build.targets
	EndProjectSection
EndProject
Project("{2150E333-8FDC-42A3-9474-1A3956D46DE8}") = "test", "test", "{9D50B35B-1EAA-4620-B0A6-245456051247}"
	ProjectSection(SolutionItems) = preProject
		test\Directory.Build.props = test\Directory.Build.props
		test\Directory.Build.targets = test\Directory.Build.targets
	EndProjectSection
EndProject
Project("{FAE04EC0-301F-11D3-BF4B-00C04F79EFBC}") = "YS.Knife.EFCore", "src\YS.Knife.EFCore\YS.Knife.EFCore.csproj", "{F9A31D17-17DE-5DF1-1272-7CBEFBFA3B66}"
EndProject
Project("{FAE04EC0-301F-11D3-BF4B-00C04F79EFBC}") = "YS.Knife.EntityBase", "src\YS.Knife.EntityBase\YS.Knife.EntityBase.csproj", "{E9EBC933-F349-9840-E719-B578A87B49B8}"
EndProject
Project("{FAE04EC0-301F-11D3-BF4B-00C04F79EFBC}") = "YS.Knife.Service.EFCoreBase", "src\YS.Knife.Service.EFCoreBase\YS.Knife.Service.EFCoreBase.csproj", "{A58AD0B1-1295-E8F6-E8B0-E1AB16591B1F}"
EndProject
Project("{FAE04EC0-301F-11D3-BF4B-00C04F79EFBC}") = "Playground", "test\Playground\Playground.csproj", "{2944B279-3495-6CAC-80C6-7279BA2DA66C}"
EndProject
Project("{FAE04EC0-301F-11D3-BF4B-00C04F79EFBC}") = "YS.Knife.ServiceBase", "src\YS.Knife.ServiceBase\YS.Knife.ServiceBase.csproj", "{6C598365-8A4A-EB94-1A86-4AA4DD739C5D}"
EndProject
Project("{2150E333-8FDC-42A3-9474-1A3956D46DE8}") = "Metadata", "Metadata", "{0398D748-E3D3-4A3F-8A40-381B34ED102E}"
EndProject
Project("{FAE04EC0-301F-11D3-BF4B-00C04F79EFBC}") = "YS.Knife.Metadata.Core", "src\YS.Knife.Metadata.Core\YS.Knife.Metadata.Core.csproj", "{89526AB8-B395-5E2B-FB38-30F37C685B68}"
EndProject
Project("{FAE04EC0-301F-11D3-BF4B-00C04F79EFBC}") = "YS.Knife.Metadata.Impl.Mvc", "src\YS.Knife.Metadata.Impl.Mvc\YS.Knife.Metadata.Impl.Mvc.csproj", "{B1087F13-29CF-758B-03AB-E503CB534537}"
EndProject
Project("{FAE04EC0-301F-11D3-BF4B-00C04F79EFBC}") = "YS.Knife.Metadata.Api.AspnetCore", "src\YS.Knife.Metadata.Api\YS.Knife.Metadata.Api.AspnetCore.csproj", "{42C7EB75-8DB5-1CAB-F569-6AC953B98299}"
EndProject
Project("{2150E333-8FDC-42A3-9474-1A3956D46DE8}") = "example", "example", "{9BC89E41-835A-46A8-B536-06AED03AE51B}"
	ProjectSection(SolutionItems) = preProject
		example\Directory.Build.props = example\Directory.Build.props
		example\Directory.Build.targets = example\Directory.Build.targets
	EndProjectSection
EndProject
Project("{FAE04EC0-301F-11D3-BF4B-00C04F79EFBC}") = "MetadataDemo", "example\MetadataDemo\MetadataDemo.csproj", "{D988C4D9-6809-4015-BFE8-43809D1B7B12}"
EndProject
Project("{2150E333-8FDC-42A3-9474-1A3956D46DE8}") = "DataSource", "DataSource", "{02EA681E-C7D8-13C7-8484-4AC65E1B71E8}"
EndProject
Project("{FAE04EC0-301F-11D3-BF4B-00C04F79EFBC}") = "YS.Knife.DataSource.Core", "src\YS.Knife.DataSource.Core\YS.Knife.DataSource.Core.csproj", "{F12EC684-22FD-CDA2-8E28-1E44BDB4DB97}"
EndProject
Project("{FAE04EC0-301F-11D3-BF4B-00C04F79EFBC}") = "YS.Knife.DataSource.Api.AspnetCore", "src\YS.Knife.DataSource.Api.AspnetCore\YS.Knife.DataSource.Api.AspnetCore.csproj", "{98516112-1F20-2C76-699D-A62E713184C1}"
EndProject
Project("{FAE04EC0-301F-11D3-BF4B-00C04F79EFBC}") = "DataSourceDemo", "example\DataSourceDemo\DataSourceDemo.csproj", "{844EE037-4AA2-4E82-9890-406761B8E4F5}"
EndProject
Project("{FAE04EC0-301F-11D3-BF4B-00C04F79EFBC}") = "YS.Knife.DataSource.Impl.Default", "src\YS.Knife.DataSource.Impl.Default\YS.Knife.DataSource.Impl.Default.csproj", "{116C6E5A-2F6B-68E1-E873-53154BF368B7}"
EndProject
Project("{FAE04EC0-301F-11D3-BF4B-00C04F79EFBC}") = "YS.Knife.AspnetCore", "src\YS.Knife.AspnetCore\YS.Knife.AspnetCore.csproj", "{A1C1A046-E0C9-4F16-BB92-3F80915DDFB6}"
EndProject
Project("{2150E333-8FDC-42A3-9474-1A3956D46DE8}") = "EnumCode", "EnumCode", "{BCEA2315-9296-4246-B791-48DB41BB68C3}"
EndProject
Project("{FAE04EC0-301F-11D3-BF4B-00C04F79EFBC}") = "YS.Knife.EnumCode.Core", "src\YS.Knife.EnumCode.Core\YS.Knife.EnumCode.Core.csproj", "{528A145C-4FD1-39AB-5E14-4AE625D2A4A7}"
EndProject
Project("{FAE04EC0-301F-11D3-BF4B-00C04F79EFBC}") = "YS.Knife.EnumCode.Impl.Default", "src\YS.Knife.EnumCode.Impl.Default\YS.Knife.EnumCode.Impl.Default.csproj", "{8ECB30F7-8D7A-06CC-23C5-A86F50F4E967}"
EndProject
Project("{FAE04EC0-301F-11D3-BF4B-00C04F79EFBC}") = "YS.Knife.EnumCode.Api.AspnetCore", "src\YS.Knife.EnumCode.Api.AspnetCore\YS.Knife.EnumCode.Api.AspnetCore.csproj", "{949A28CB-EF79-FB70-CCF6-9FFA8BDA218F}"
EndProject
Project("{FAE04EC0-301F-11D3-BF4B-00C04F79EFBC}") = "EnumCodeDemo", "example\EnumCodeDemo\EnumCodeDemo.csproj", "{7D77CFAA-171C-4944-88B6-28F6AEBEE121}"
EndProject
Project("{2150E333-8FDC-42A3-9474-1A3956D46DE8}") = "QrCode", "QrCode", "{BE0DC7D7-1719-48C7-A544-39547BF914A5}"
EndProject
Project("{FAE04EC0-301F-11D3-BF4B-00C04F79EFBC}") = "YS.Knife.QrCode.Core", "src\YS.Knife.QrCode.Core\YS.Knife.QrCode.Core.csproj", "{6E23B3B8-F7C8-9971-BB1D-E914D432A4C3}"
EndProject
Project("{FAE04EC0-301F-11D3-BF4B-00C04F79EFBC}") = "YS.Knife.QrCode.Impl.QRCoder", "src\YS.Knife.QrCode.Impl.QRCoder\YS.Knife.QrCode.Impl.QRCoder.csproj", "{754A58EA-6BF2-8429-8A54-B4B2EE0CC486}"
EndProject
Project("{2150E333-8FDC-42A3-9474-1A3956D46DE8}") = "Resource", "Resource", "{DC7C2BB0-C2FD-4944-841D-D6ADF9555EB5}"
EndProject
Project("{FAE04EC0-301F-11D3-BF4B-00C04F79EFBC}") = "YS.Knife.Resource.Core", "src\YS.Knife.Resource.Core\YS.Knife.Resource.Core.csproj", "{24210D8A-D6C6-B641-5EF7-0E72C8C3385A}"
EndProject
Project("{FAE04EC0-301F-11D3-BF4B-00C04F79EFBC}") = "YS.Knife.Resource.AssemblyResourceLoader", "src\YS.Knife.Resource.AssemblyResourceLoader\YS.Knife.Resource.AssemblyResourceLoader.csproj", "{7255D5B1-CF44-91AE-BE48-786B1E89BFF0}"
EndProject
Project("{FAE04EC0-301F-11D3-BF4B-00C04F79EFBC}") = "YS.Knife.Resource.FileResourceLoader", "src\YS.Knife.Resource.FileResourceLoader\YS.Knife.Resource.FileResourceLoader.csproj", "{A8B1B80F-BBCC-4365-E226-300195ED57CB}"
EndProject
Project("{FAE04EC0-301F-11D3-BF4B-00C04F79EFBC}") = "YS.Knife.Resource.HttpResourceLoader", "src\YS.Knife.Resource.HttpResourceLoader\YS.Knife.Resource.HttpResourceLoader.csproj", "{F14C2D53-3ADC-A4C5-E31C-D64A00B25BF0}"
EndProject
Project("{FAE04EC0-301F-11D3-BF4B-00C04F79EFBC}") = "YS.Knife.Resource.Impl.Default", "src\YS.Knife.Resource.Impl.Default\YS.Knife.Resource.Impl.Default.csproj", "{FBF526CE-B711-C6D4-49F9-7EF943B48135}"
EndProject
Project("{2150E333-8FDC-42A3-9474-1A3956D46DE8}") = "BarCode", "BarCode", "{9D12CB01-00FE-428B-BA7A-CA1615CD4CD4}"
EndProject
Project("{FAE04EC0-301F-11D3-BF4B-00C04F79EFBC}") = "YS.Knife.BarCode.Core", "src\YS.Knife.BarCode.Core\YS.Knife.BarCode.Core.csproj", "{93E860BD-DCE5-5721-DEE3-36AFE847F141}"
EndProject
Project("{FAE04EC0-301F-11D3-BF4B-00C04F79EFBC}") = "YS.Knife.BarCode.Impl.BarcodeLib", "src\YS.Knife.BarCode.Impl.BarcodeLib\YS.Knife.BarCode.Impl.BarcodeLib.csproj", "{B2C72B6B-FCF8-C70B-4AB0-793BA6173781}"
EndProject
Project("{FAE04EC0-301F-11D3-BF4B-00C04F79EFBC}") = "YS.Knife.BarCode.Impl.Barcodelib.IntegrationTest", "test\YS.Knife.BarCode.Impl.Barcodelib.IntegrationTest\YS.Knife.BarCode.Impl.Barcodelib.IntegrationTest.csproj", "{0D980862-9F6D-3D0D-D5BD-CDB88CC092F5}"
EndProject
Project("{2150E333-8FDC-42A3-9474-1A3956D46DE8}") = "ExcelExport", "ExcelExport", "{28AE005A-3C36-4720-A4DF-DBAA6211D085}"
EndProject
Project("{FAE04EC0-301F-11D3-BF4B-00C04F79EFBC}") = "YS.Knife.Export.Core", "src\YS.Knife.Export.Core\YS.Knife.Export.Core.csproj", "{7962A644-632E-FDEF-2B46-14AA7245BE1E}"
EndProject
Project("{FAE04EC0-301F-11D3-BF4B-00C04F79EFBC}") = "YS.Knife.Export.Impl.Base", "src\YS.Knife.Export.Impl.Base\YS.Knife.Export.Impl.Base.csproj", "{40256BE1-8403-0A40-0A3A-CF3C3B02A4FF}"
EndProject
Project("{FAE04EC0-301F-11D3-BF4B-00C04F79EFBC}") = "YS.Knife.Export.Impl.ClosedXml", "src\YS.Knife.Export.Impl.ClosedXml\YS.Knife.Export.Impl.ClosedXml.csproj", "{EE024A71-CE61-5AB3-9E35-F3D4D5842BEC}"
EndProject
Project("{FAE04EC0-301F-11D3-BF4B-00C04F79EFBC}") = "YS.Knife.Export.Impl.NPOI", "src\YS.Knife.Export.Impl.NPOI\YS.Knife.Export.Impl.NPOI.csproj", "{49D6D14A-B33A-46FE-E3AC-E6EC3344368E}"
EndProject
Project("{FAE04EC0-301F-11D3-BF4B-00C04F79EFBC}") = "YS.Knife.Export.Api.AspnetCore", "src\YS.Knife.Export.Api.AspnetCore\YS.Knife.Export.Api.AspnetCore.csproj", "{4D146B05-B9CA-2BBE-7B63-422E69650E81}"
EndProject
Project("{FAE04EC0-301F-11D3-BF4B-00C04F79EFBC}") = "YS.Knife.Extensions", "src\YS.Knife.Extensions\YS.Knife.Extensions.csproj", "{F48A97B5-F381-4F1D-8C59-D8A11CE3517C}"
EndProject
Project("{FAE04EC0-301F-11D3-BF4B-00C04F79EFBC}") = "YS.Knife.Extensions.DistributedCache", "src\YS.Knife.Extensions.DistributedCache\YS.Knife.Extensions.DistributedCache.csproj", "{C6E72EF1-74D3-40B8-8179-20B28EB8E76F}"
EndProject
Project("{2150E333-8FDC-42A3-9474-1A3956D46DE8}") = "Extensions", "Extensions", "{722C64C5-24BA-42F5-87FD-7009FFC6218E}"
EndProject
Project("{FAE04EC0-301F-11D3-BF4B-00C04F79EFBC}") = "YS.Knife.Extensions.DbConnection", "src\YS.Knife.Extensions.DbConnection\YS.Knife.Extensions.DbConnection.csproj", "{DA629E28-3C03-4527-B7BF-320134A1DD10}"
EndProject
Project("{FAE04EC0-301F-11D3-BF4B-00C04F79EFBC}") = "YS.Knife.Extensions.HttpClient", "src\YS.Knife.Extensions.HttpClient\YS.Knife.Extensions.HttpClient.csproj", "{D507D597-6816-4788-AC9D-91D7F824FD06}"
EndProject
Project("{FAE04EC0-301F-11D3-BF4B-00C04F79EFBC}") = "YS.Knife.Extensions.Validation", "src\YS.Knife.Extensions.Validation\YS.Knife.Extensions.Validation.csproj", "{FD533064-FC05-4CDF-8C9B-B24C6FDFC1FA}"
EndProject
Project("{FAE04EC0-301F-11D3-BF4B-00C04F79EFBC}") = "YS.Knife.Extensions.Json", "src\YS.Knife.Extensions.Json\YS.Knife.Extensions.Json.csproj", "{716E7930-79C6-40BD-94C1-0ED44239E612}"
EndProject
Project("{2150E333-8FDC-42A3-9474-1A3956D46DE8}") = "ExcelImport", "ExcelImport", "{C1077C14-6D5B-4FA5-9D03-01EBCB967992}"
EndProject
Project("{FAE04EC0-301F-11D3-BF4B-00C04F79EFBC}") = "YS.Knife.Import.Core", "src\YS.Knife.Import.Core\YS.Knife.Import.Core.csproj", "{BAB2994F-C739-93D7-F48E-844F0688E4D5}"
EndProject
Project("{FAE04EC0-301F-11D3-BF4B-00C04F79EFBC}") = "YS.Knife.Import.Impl.Base", "src\YS.Knife.Import.Impl.Base\YS.Knife.Import.Impl.Base.csproj", "{A5253D9A-E8C4-771D-1AE9-2D8F6D987DAD}"
EndProject
Project("{FAE04EC0-301F-11D3-BF4B-00C04F79EFBC}") = "YS.Knife.Import.Impl.NPOI", "src\YS.Knife.Import.Impl.NPOI\YS.Knife.Import.Impl.NPOI.csproj", "{C6E58977-8950-C5F8-DFC4-12A3D4275653}"
EndProject
Project("{FAE04EC0-301F-11D3-BF4B-00C04F79EFBC}") = "YS.Knife.Import.Impl.ClosedXml", "src\YS.Knife.Import.Impl.ClosedXml\YS.Knife.Import.Impl.ClosedXml.csproj", "{41DC6663-E17B-06C3-ED1B-60BF46110103}"
EndProject
Project("{FAE04EC0-301F-11D3-BF4B-00C04F79EFBC}") = "YS.Knife.Import.Api.AspnetCore", "src\YS.Knife.Import.Api.AspnetCore\YS.Knife.Import.Api.AspnetCore.csproj", "{B17322D8-F7E5-19CE-5CEA-1F81567ED5A2}"
EndProject
Project("{FAE04EC0-301F-11D3-BF4B-00C04F79EFBC}") = "YS.Knife.Export.Impl.ClosedXml.IntegrationTest", "test\YS.Knife.Export.ClosedXml.IntegrationTest\YS.Knife.Export.Impl.ClosedXml.IntegrationTest.csproj", "{C4FE5E0C-8641-B3C2-6FAC-66FC5CDF41EF}"
EndProject
Project("{FAE04EC0-301F-11D3-BF4B-00C04F79EFBC}") = "YS.Knife.Export.Impl.NPOI.IntegrationTest", "test\YS.Knife.Export.Impl.NPOI.IntegrationTest\YS.Knife.Export.Impl.NPOI.IntegrationTest.csproj", "{32F7035B-8EE3-46E0-7581-3FE6EC634204}"
EndProject
Project("{FAE04EC0-301F-11D3-BF4B-00C04F79EFBC}") = "YS.Knife.Metadata.Impl.Mvc.IntegrationTest", "test\YS.Knife.Metadata.Impl.Mvc.IntegrationTest\YS.Knife.Metadata.Impl.Mvc.IntegrationTest.csproj", "{A0A4ED94-D743-41B9-9E69-88FF2770CE35}"
EndProject
Project("{2150E333-8FDC-42A3-9474-1A3956D46DE8}") = "KeyValue", "KeyValue", "{B0211214-C5BE-4574-8B2C-D9A3C5D3D5F5}"
EndProject
Project("{FAE04EC0-301F-11D3-BF4B-00C04F79EFBC}") = "YS.Knife.KeyValue.Core", "src\YS.Knife.KeyValue.Core\YS.Knife.KeyValue.Core.csproj", "{D32CFE8A-F6E7-4628-9657-8C9E57F832C2}"
EndProject
Project("{FAE04EC0-301F-11D3-BF4B-00C04F79EFBC}") = "YS.Knife.KeyValue.Impl.EFCore", "src\YS.Knife.KeyValue.Impl.EFCore\YS.Knife.KeyValue.Impl.EFCore.csproj", "{A03EE571-946E-4F55-A2B0-1F7297CBC0DD}"
EndProject
Project("{FAE04EC0-301F-11D3-BF4B-00C04F79EFBC}") = "YS.Knife.KeyValue.Impl.DistributedCache", "src\YS.Knife.KeyValue.Impl.DistributedCache\YS.Knife.KeyValue.Impl.DistributedCache.csproj", "{C70637AF-3C7C-A304-3360-769723D37C5D}"
EndProject
Project("{FAE04EC0-301F-11D3-BF4B-00C04F79EFBC}") = "KeyValueDemo", "example\KeyValueDemo\KeyValueDemo.csproj", "{007DDAE1-8CC6-4E3B-81E9-E93F6D5E5518}"
EndProject
Project("{FAE04EC0-301F-11D3-BF4B-00C04F79EFBC}") = "YS.Knife.KeyValue.Api.AspnetCore", "src\YS.Knife.KeyValue.Api.AspnetCore\YS.Knife.KeyValue.Api.AspnetCore.csproj", "{A510835A-D095-46DB-982F-08E8F8027A60}"
EndProject
Project("{FAE04EC0-301F-11D3-BF4B-00C04F79EFBC}") = "YS.Knife.EFCore.UnitTest", "test\YS.Knife.EFCore.UnitTest\YS.Knife.EFCore.UnitTest.csproj", "{B8362A8B-4181-4ABD-A1BB-971C618F8A97}"
EndProject
Project("{FAE04EC0-301F-11D3-BF4B-00C04F79EFBC}") = "YS.Knife.Extensions.UnitTest", "test\YS.Knife.Extensions.UnitTest\YS.Knife.Extensions.UnitTest.csproj", "{51F9B5D7-A911-403E-87F5-377977EDDE6C}"
EndProject
Project("{FAE04EC0-301F-11D3-BF4B-00C04F79EFBC}") = "YS.Knife.Extensions.Json.UnitTest", "test\YS.Knife.Extensions.Json.UnitTest\YS.Knife.Extensions.Json.UnitTest.csproj", "{BB1766CF-6CCC-4947-8289-2D8F692F792F}"
EndProject
Project("{FAE04EC0-301F-11D3-BF4B-00C04F79EFBC}") = "YS.Knife.KeyValue.Entity.EFCore", "src\YS.Knife.KeyValue.Entity.EFCore\YS.Knife.KeyValue.Entity.EFCore.csproj", "{C82DF953-DA5F-416F-A133-924C43EECF5F}"
EndProject
Project("{2150E333-8FDC-42A3-9474-1A3956D46DE8}") = "Operations", "Operations", "{3B410A2B-E24A-4831-9C89-9C6E5C743847}"
EndProject
Project("{FAE04EC0-301F-11D3-BF4B-00C04F79EFBC}") = "YS.Knife.Operations.Core", "src\YS.Knife.Operations.Core\YS.Knife.Operations.Core.csproj", "{30E6FC65-58F4-01E5-0E8A-B858D9F69961}"
EndProject
Project("{2150E333-8FDC-42A3-9474-1A3956D46DE8}") = "AuditLogs", "AuditLogs", "{EE9A170C-9884-4831-BF4E-6B556F3B5D81}"
EndProject
Project("{FAE04EC0-301F-11D3-BF4B-00C04F79EFBC}") = "YS.Knife.AuditLogs.Core", "src\YS.Knife.AuditLogs.Core\YS.Knife.AuditLogs.Core.csproj", "{5E90C961-CF2F-04F3-F86F-674BB217D65B}"
EndProject
Project("{FAE04EC0-301F-11D3-BF4B-00C04F79EFBC}") = "YS.Knife.AuditLogs.AspnetCore.Mvc", "src\YS.Knife.AuditLogs.AspnetCore.Mvc\YS.Knife.AuditLogs.AspnetCore.Mvc.csproj", "{A99537B5-5AD9-BE4A-BEBF-3B1ED6BCFF15}"
EndProject
Project("{FAE04EC0-301F-11D3-BF4B-00C04F79EFBC}") = "YS.Knife.AuditLogs.Writer.Default", "src\YS.Knife.AuditLogs.Writer.Default\YS.Knife.AuditLogs.Writer.Default.csproj", "{9BCF8BFF-A83E-DC29-A986-37ED27341FF0}"
EndProject
Project("{FAE04EC0-301F-11D3-BF4B-00C04F79EFBC}") = "AuditLogDemo", "example\AuditLogDemo\AuditLogDemo.csproj", "{C740F69B-C1E1-4CC3-9F32-CDF9F4E9A240}"
EndProject
Project("{2150E333-8FDC-42A3-9474-1A3956D46DE8}") = "FileStorage", "FileStorage", "{B9029880-50A3-4AD2-84AD-D62A6390BBC2}"
EndProject
Project("{FAE04EC0-301F-11D3-BF4B-00C04F79EFBC}") = "YS.Knife.FileStorage.Core", "src\YS.Knife.FileStorage.Core\YS.Knife.FileStorage.Core.csproj", "{8DF5FEC0-1E1E-5AEA-499C-354CD8475710}"
EndProject
Project("{FAE04EC0-301F-11D3-BF4B-00C04F79EFBC}") = "YS.Knife.FileStorage.Impl.AliyunOss", "src\YS.Knife.FileStorage.AliyunOss\YS.Knife.FileStorage.Impl.AliyunOss.csproj", "{F11BA505-5351-B17E-6A54-9EEE22054417}"
EndProject
Project("{FAE04EC0-301F-11D3-BF4B-00C04F79EFBC}") = "YS.Knife.FileStorage.Impl.Minio", "src\YS.Knife.FileStorage.Minio\YS.Knife.FileStorage.Impl.Minio.csproj", "{C2F62461-D7AC-F229-4C77-7CD7847A32F6}"
EndProject
Project("{FAE04EC0-301F-11D3-BF4B-00C04F79EFBC}") = "YS.Knife.FileStorage.Api.AspnetCore", "src\YS.Knife.FileStorage.Api.AspnetCore\YS.Knife.FileStorage.Api.AspnetCore.csproj", "{01909DFE-7951-4057-BF04-D369F620DCAF}"
EndProject
Project("{2150E333-8FDC-42A3-9474-1A3956D46DE8}") = "DataItem", "DataItem", "{6CFCC653-0D48-4D3B-8E45-6A2788F9A93A}"
EndProject
Project("{FAE04EC0-301F-11D3-BF4B-00C04F79EFBC}") = "YS.Knife.DataItem.Core", "src\YS.Knife.DataItem.Core\YS.Knife.DataItem.Core.csproj", "{19435C66-5590-4B4B-BF98-9439ED5723EB}"
EndProject
Project("{FAE04EC0-301F-11D3-BF4B-00C04F79EFBC}") = "YS.Knife.DataItem.Impl.Default", "src\YS.Knife.DataItem.Impl.Default\YS.Knife.DataItem.Impl.Default.csproj", "{BC57B6DA-D7DB-47C2-BDAC-642A76BB08DA}"
EndProject
Project("{FAE04EC0-301F-11D3-BF4B-00C04F79EFBC}") = "YS.Knife.DataItem.Api.AspnetCore", "src\YS.Knife.DataItem.Api.AspnetCore\YS.Knife.DataItem.Api.AspnetCore.csproj", "{24C1FF06-652F-43E1-B8A2-1A673D80F0A0}"
EndProject
Project("{FAE04EC0-301F-11D3-BF4B-00C04F79EFBC}") = "DataItemDemo", "example\DataItemDemo\DataItemDemo.csproj", "{5E0E8A27-4EE7-4811-8685-68255C0AA8BE}"
EndProject
Project("{2150E333-8FDC-42A3-9474-1A3956D46DE8}") = "TTS", "TTS", "{BC1738FA-F0C3-49E4-BBBE-B027927A1228}"
EndProject
Project("{FAE04EC0-301F-11D3-BF4B-00C04F79EFBC}") = "YS.Knife.Tts.Core", "src\YS.Knife.Tts.Core\YS.Knife.Tts.Core.csproj", "{E7A1F69B-7528-4BC6-A6DC-0F68BCE1464E}"
EndProject
Project("{FAE04EC0-301F-11D3-BF4B-00C04F79EFBC}") = "YS.Knife.Tts.Impl.Aliyun", "src\YS.Knife.Tts.Impl.Aliyun\YS.Knife.Tts.Impl.Aliyun.csproj", "{89153C0D-1299-43BB-8BEA-FB9B44AE73C4}"
EndProject
Project("{FAE04EC0-301F-11D3-BF4B-00C04F79EFBC}") = "YS.Knife.Tts.Impl.Aliyun.UnitTest", "test\YS.Knife.Tts.Impl.Aliyun.UnitTest\YS.Knife.Tts.Impl.Aliyun.UnitTest.csproj", "{DFB4A1FB-D34F-429F-AC1C-6B4AE3E92FC4}"
EndProject
Project("{2150E333-8FDC-42A3-9474-1A3956D46DE8}") = "Lock", "Lock", "{B960A3CD-4AB7-44C4-8DCA-F77E03C30E37}"
EndProject
Project("{FAE04EC0-301F-11D3-BF4B-00C04F79EFBC}") = "YS.Knife.Lock.Core", "src\YS.Knife.Lock.Core\YS.Knife.Lock.Core.csproj", "{C4AFC670-9169-4092-9EE8-639A11E7D824}"
EndProject
Project("{FAE04EC0-301F-11D3-BF4B-00C04F79EFBC}") = "YS.Knife.Lock.Impl.Redis", "src\YS.Knife.Lock.Impl.Redis\YS.Knife.Lock.Impl.Redis.csproj", "{23540D36-FC36-4E34-BEC2-D6EC946D3C66}"
EndProject
Project("{FAE04EC0-301F-11D3-BF4B-00C04F79EFBC}") = "YS.Knife.Lock.Impl.Memory", "src\YS.Knife.Lock.Impl.Memory\YS.Knife.Lock.Impl.Memory.csproj", "{ACDAB340-3EA5-4466-A007-AFB8B0FAF305}"
EndProject
Project("{2150E333-8FDC-42A3-9474-1A3956D46DE8}") = "Lock", "Lock", "{9C9C2395-C140-4A88-87BC-25C6F813DF41}"
EndProject
Project("{FAE04EC0-301F-11D3-BF4B-00C04F79EFBC}") = "YS.Knife.Lock.Core.UnitTest", "test\YS.Knife.Lock.Core.UnitTest\YS.Knife.Lock.Core.UnitTest.csproj", "{676F4809-F122-8744-1D24-AC233D8F684B}"
EndProject
Project("{FAE04EC0-301F-11D3-BF4B-00C04F79EFBC}") = "YS.Knife.Lock.Impl.Memory.UnitTest", "test\YS.Knife.Lock.Impl.Memory.UnitTest\YS.Knife.Lock.Impl.Memory.UnitTest.csproj", "{EF12DB9C-D01B-4D4D-AB2B-2DB150B80C0D}"
EndProject
Project("{FAE04EC0-301F-11D3-BF4B-00C04F79EFBC}") = "YS.Knife.Lock.Impl.Redis.UnitTest", "test\YS.Knife.Lock.Impl.Redis.UnitTest\YS.Knife.Lock.Impl.Redis.UnitTest.csproj", "{7F302F4B-FA21-4E92-BCFC-59E83EBA8566}"
EndProject
Project("{FAE04EC0-301F-11D3-BF4B-00C04F79EFBC}") = "TtsDemo", "example\TtsDemo\TtsDemo.csproj", "{4BA24505-2942-4AEE-8380-55324AA18F91}"
EndProject
Project("{FAE04EC0-301F-11D3-BF4B-00C04F79EFBC}") = "YS.Knife.Tts.Api.AspnetCore", "src\YS.Knife.Tts.Api.AspnetCore\YS.Knife.Tts.Api.AspnetCore.csproj", "{5853989C-532F-4A7E-9EC4-8F73748FF1D5}"
EndProject
Project("{2150E333-8FDC-42A3-9474-1A3956D46DE8}") = "Time", "Time", "{4943E962-9D18-44A4-9276-EB5F5A77957E}"
EndProject
Project("{FAE04EC0-301F-11D3-BF4B-00C04F79EFBC}") = "TagsDemo", "example\TagsDemo\TagsDemo.csproj", "{C57F400B-44F1-4F21-BE38-4223A0334C68}"
EndProject
Project("{FAE04EC0-301F-11D3-BF4B-00C04F79EFBC}") = "YS.Knife.Time.Core", "src\YS.Knife.Time.Core\YS.Knife.Time.Core.csproj", "{337CC7BA-2194-1DA8-83F4-686A26036FED}"
EndProject
Project("{FAE04EC0-301F-11D3-BF4B-00C04F79EFBC}") = "YS.Knife.Time.Impl.Default", "src\YS.Knife.Time.Impl.Default\YS.Knife.Time.Impl.Default.csproj", "{78190F19-75B2-9661-4650-0FFECAD37BC4}"
EndProject
Project("{FAE04EC0-301F-11D3-BF4B-00C04F79EFBC}") = "YS.Knife.Time.Impl.Redis", "src\YS.Knife.Time.Impl.Redis\YS.Knife.Time.Impl.Redis.csproj", "{8F98FFDF-E33A-45CC-87E0-4A83458AAE6F}"
EndProject
Project("{2150E333-8FDC-42A3-9474-1A3956D46DE8}") = "Time", "Time", "{53FED22C-2C5C-41A9-9BF9-C55AB36362A6}"
EndProject
Project("{FAE04EC0-301F-11D3-BF4B-00C04F79EFBC}") = "YS.Knife.Time.Core.UnitTest", "test\YS.Knife.Time.Core.UnitTest\YS.Knife.Time.Core.UnitTest.csproj", "{D702F5B9-CD73-4EF4-ACB5-820AD8FE57B8}"
EndProject
Project("{FAE04EC0-301F-11D3-BF4B-00C04F79EFBC}") = "YS.Knife.Time.Impl.Redis.UnitTest", "src\YS.Knife.Time.Impl.Redis.UnitTest\YS.Knife.Time.Impl.Redis.UnitTest.csproj", "{BB1CCE31-41D3-4A1D-A125-1AC8411AEF3B}"
EndProject
Project("{FAE04EC0-301F-11D3-BF4B-00C04F79EFBC}") = "YS.Knife.Data", "src\YS.Knife.Data\YS.Knife.Data.csproj", "{697B164C-0AA0-4459-B11B-29AEF78B2427}"
EndProject
Project("{FAE04EC0-301F-11D3-BF4B-00C04F79EFBC}") = "YS.Knife.Time.Impl.DbFactory", "src\YS.Knife.Time.Impl.DbFactory\YS.Knife.Time.Impl.DbFactory.csproj", "{9BD2E0C3-06CE-7BDA-D69A-07AADFFE7AEB}"
EndProject
Project("{FAE04EC0-301F-11D3-BF4B-00C04F79EFBC}") = "YS.Knife.Time.Impl.DbFactory.UnitTest", "test\YS.Knife.Time.Impl.DbFactory.UnitTest\YS.Knife.Time.Impl.DbFactory.UnitTest.csproj", "{2005AE76-0ACA-67E7-3732-D527A2325917}"
EndProject
Project("{2150E333-8FDC-42A3-9474-1A3956D46DE8}") = "Sms", "Sms", "{9122636E-4EB3-4BBE-B36C-05BA3DE45EE6}"
EndProject
Project("{FAE04EC0-301F-11D3-BF4B-00C04F79EFBC}") = "YS.Knife.Sms.Core", "src\YS.Knife.Sms.Core\YS.Knife.Sms.Core.csproj", "{6DCC14ED-36C6-4681-9AE2-DC5ED38BD8CB}"
EndProject
Project("{FAE04EC0-301F-11D3-BF4B-00C04F79EFBC}") = "YS.Knife.Sms.Impl.Submail", "src\YS.Knife.Sms.Impl.Submail\YS.Knife.Sms.Impl.Submail.csproj", "{8FADF81C-8FFB-4AD0-AC04-BF3B5A6BA839}"
EndProject
Project("{FAE04EC0-301F-11D3-BF4B-00C04F79EFBC}") = "YS.Knife.FileStorage.CategoryProvider.Default", "src\YS.Knife.FileStorage.CategoryProvider.Default\YS.Knife.FileStorage.CategoryProvider.Default.csproj", "{6535F795-45DD-40AE-9B94-6DD091327861}"
EndProject
Project("{FAE04EC0-301F-11D3-BF4B-00C04F79EFBC}") = "YS.Knife.FileStorage.SystemArgument.Default", "src\YS.Knife.FileStorage.SystemArgument.Default\YS.Knife.FileStorage.SystemArgument.Default.csproj", "{D72F41C7-DC81-4C49-BD77-259EDC3929F6}"
EndProject
Project("{FAE04EC0-301F-11D3-BF4B-00C04F79EFBC}") = "YS.Knife.FileStorage.Impl.Local", "src\YS.Knife.FileStorage.Impl.Local\YS.Knife.FileStorage.Impl.Local.csproj", "{057F225F-AF49-4BEC-9E4D-3BF092435B2C}"
EndProject
Project("{FAE04EC0-301F-11D3-BF4B-00C04F79EFBC}") = "FileStorageDemo", "src\FileStorageDemo\FileStorageDemo.csproj", "{BD30B166-EB30-4E8D-B75D-92EC0EE4728D}"
EndProject
Global
	GlobalSection(SolutionConfigurationPlatforms) = preSolution
		Debug|Any CPU = Debug|Any CPU
		Release|Any CPU = Release|Any CPU
	EndGlobalSection
	GlobalSection(ProjectConfigurationPlatforms) = postSolution
		{F9A31D17-17DE-5DF1-1272-7CBEFBFA3B66}.Debug|Any CPU.ActiveCfg = Debug|Any CPU
		{F9A31D17-17DE-5DF1-1272-7CBEFBFA3B66}.Debug|Any CPU.Build.0 = Debug|Any CPU
		{F9A31D17-17DE-5DF1-1272-7CBEFBFA3B66}.Release|Any CPU.ActiveCfg = Release|Any CPU
		{F9A31D17-17DE-5DF1-1272-7CBEFBFA3B66}.Release|Any CPU.Build.0 = Release|Any CPU
		{E9EBC933-F349-9840-E719-B578A87B49B8}.Debug|Any CPU.ActiveCfg = Debug|Any CPU
		{E9EBC933-F349-9840-E719-B578A87B49B8}.Debug|Any CPU.Build.0 = Debug|Any CPU
		{E9EBC933-F349-9840-E719-B578A87B49B8}.Release|Any CPU.ActiveCfg = Release|Any CPU
		{E9EBC933-F349-9840-E719-B578A87B49B8}.Release|Any CPU.Build.0 = Release|Any CPU
		{A58AD0B1-1295-E8F6-E8B0-E1AB16591B1F}.Debug|Any CPU.ActiveCfg = Debug|Any CPU
		{A58AD0B1-1295-E8F6-E8B0-E1AB16591B1F}.Debug|Any CPU.Build.0 = Debug|Any CPU
		{A58AD0B1-1295-E8F6-E8B0-E1AB16591B1F}.Release|Any CPU.ActiveCfg = Release|Any CPU
		{A58AD0B1-1295-E8F6-E8B0-E1AB16591B1F}.Release|Any CPU.Build.0 = Release|Any CPU
		{2944B279-3495-6CAC-80C6-7279BA2DA66C}.Debug|Any CPU.ActiveCfg = Debug|Any CPU
		{2944B279-3495-6CAC-80C6-7279BA2DA66C}.Debug|Any CPU.Build.0 = Debug|Any CPU
		{2944B279-3495-6CAC-80C6-7279BA2DA66C}.Release|Any CPU.ActiveCfg = Release|Any CPU
		{2944B279-3495-6CAC-80C6-7279BA2DA66C}.Release|Any CPU.Build.0 = Release|Any CPU
		{6C598365-8A4A-EB94-1A86-4AA4DD739C5D}.Debug|Any CPU.ActiveCfg = Debug|Any CPU
		{6C598365-8A4A-EB94-1A86-4AA4DD739C5D}.Debug|Any CPU.Build.0 = Debug|Any CPU
		{6C598365-8A4A-EB94-1A86-4AA4DD739C5D}.Release|Any CPU.ActiveCfg = Release|Any CPU
		{6C598365-8A4A-EB94-1A86-4AA4DD739C5D}.Release|Any CPU.Build.0 = Release|Any CPU
		{89526AB8-B395-5E2B-FB38-30F37C685B68}.Debug|Any CPU.ActiveCfg = Debug|Any CPU
		{89526AB8-B395-5E2B-FB38-30F37C685B68}.Debug|Any CPU.Build.0 = Debug|Any CPU
		{89526AB8-B395-5E2B-FB38-30F37C685B68}.Release|Any CPU.ActiveCfg = Release|Any CPU
		{89526AB8-B395-5E2B-FB38-30F37C685B68}.Release|Any CPU.Build.0 = Release|Any CPU
		{B1087F13-29CF-758B-03AB-E503CB534537}.Debug|Any CPU.ActiveCfg = Debug|Any CPU
		{B1087F13-29CF-758B-03AB-E503CB534537}.Debug|Any CPU.Build.0 = Debug|Any CPU
		{B1087F13-29CF-758B-03AB-E503CB534537}.Release|Any CPU.ActiveCfg = Release|Any CPU
		{B1087F13-29CF-758B-03AB-E503CB534537}.Release|Any CPU.Build.0 = Release|Any CPU
		{42C7EB75-8DB5-1CAB-F569-6AC953B98299}.Debug|Any CPU.ActiveCfg = Debug|Any CPU
		{42C7EB75-8DB5-1CAB-F569-6AC953B98299}.Debug|Any CPU.Build.0 = Debug|Any CPU
		{42C7EB75-8DB5-1CAB-F569-6AC953B98299}.Release|Any CPU.ActiveCfg = Release|Any CPU
		{42C7EB75-8DB5-1CAB-F569-6AC953B98299}.Release|Any CPU.Build.0 = Release|Any CPU
		{D988C4D9-6809-4015-BFE8-43809D1B7B12}.Debug|Any CPU.ActiveCfg = Debug|Any CPU
		{D988C4D9-6809-4015-BFE8-43809D1B7B12}.Debug|Any CPU.Build.0 = Debug|Any CPU
		{D988C4D9-6809-4015-BFE8-43809D1B7B12}.Release|Any CPU.ActiveCfg = Release|Any CPU
		{D988C4D9-6809-4015-BFE8-43809D1B7B12}.Release|Any CPU.Build.0 = Release|Any CPU
		{F12EC684-22FD-CDA2-8E28-1E44BDB4DB97}.Debug|Any CPU.ActiveCfg = Debug|Any CPU
		{F12EC684-22FD-CDA2-8E28-1E44BDB4DB97}.Debug|Any CPU.Build.0 = Debug|Any CPU
		{F12EC684-22FD-CDA2-8E28-1E44BDB4DB97}.Release|Any CPU.ActiveCfg = Release|Any CPU
		{F12EC684-22FD-CDA2-8E28-1E44BDB4DB97}.Release|Any CPU.Build.0 = Release|Any CPU
		{98516112-1F20-2C76-699D-A62E713184C1}.Debug|Any CPU.ActiveCfg = Debug|Any CPU
		{98516112-1F20-2C76-699D-A62E713184C1}.Debug|Any CPU.Build.0 = Debug|Any CPU
		{98516112-1F20-2C76-699D-A62E713184C1}.Release|Any CPU.ActiveCfg = Release|Any CPU
		{98516112-1F20-2C76-699D-A62E713184C1}.Release|Any CPU.Build.0 = Release|Any CPU
		{844EE037-4AA2-4E82-9890-406761B8E4F5}.Debug|Any CPU.ActiveCfg = Debug|Any CPU
		{844EE037-4AA2-4E82-9890-406761B8E4F5}.Debug|Any CPU.Build.0 = Debug|Any CPU
		{844EE037-4AA2-4E82-9890-406761B8E4F5}.Release|Any CPU.ActiveCfg = Release|Any CPU
		{844EE037-4AA2-4E82-9890-406761B8E4F5}.Release|Any CPU.Build.0 = Release|Any CPU
		{116C6E5A-2F6B-68E1-E873-53154BF368B7}.Debug|Any CPU.ActiveCfg = Debug|Any CPU
		{116C6E5A-2F6B-68E1-E873-53154BF368B7}.Debug|Any CPU.Build.0 = Debug|Any CPU
		{116C6E5A-2F6B-68E1-E873-53154BF368B7}.Release|Any CPU.ActiveCfg = Release|Any CPU
		{116C6E5A-2F6B-68E1-E873-53154BF368B7}.Release|Any CPU.Build.0 = Release|Any CPU
		{A1C1A046-E0C9-4F16-BB92-3F80915DDFB6}.Debug|Any CPU.ActiveCfg = Debug|Any CPU
		{A1C1A046-E0C9-4F16-BB92-3F80915DDFB6}.Debug|Any CPU.Build.0 = Debug|Any CPU
		{A1C1A046-E0C9-4F16-BB92-3F80915DDFB6}.Release|Any CPU.ActiveCfg = Release|Any CPU
		{A1C1A046-E0C9-4F16-BB92-3F80915DDFB6}.Release|Any CPU.Build.0 = Release|Any CPU
		{528A145C-4FD1-39AB-5E14-4AE625D2A4A7}.Debug|Any CPU.ActiveCfg = Debug|Any CPU
		{528A145C-4FD1-39AB-5E14-4AE625D2A4A7}.Debug|Any CPU.Build.0 = Debug|Any CPU
		{528A145C-4FD1-39AB-5E14-4AE625D2A4A7}.Release|Any CPU.ActiveCfg = Release|Any CPU
		{528A145C-4FD1-39AB-5E14-4AE625D2A4A7}.Release|Any CPU.Build.0 = Release|Any CPU
		{8ECB30F7-8D7A-06CC-23C5-A86F50F4E967}.Debug|Any CPU.ActiveCfg = Debug|Any CPU
		{8ECB30F7-8D7A-06CC-23C5-A86F50F4E967}.Debug|Any CPU.Build.0 = Debug|Any CPU
		{8ECB30F7-8D7A-06CC-23C5-A86F50F4E967}.Release|Any CPU.ActiveCfg = Release|Any CPU
		{8ECB30F7-8D7A-06CC-23C5-A86F50F4E967}.Release|Any CPU.Build.0 = Release|Any CPU
		{949A28CB-EF79-FB70-CCF6-9FFA8BDA218F}.Debug|Any CPU.ActiveCfg = Debug|Any CPU
		{949A28CB-EF79-FB70-CCF6-9FFA8BDA218F}.Debug|Any CPU.Build.0 = Debug|Any CPU
		{949A28CB-EF79-FB70-CCF6-9FFA8BDA218F}.Release|Any CPU.ActiveCfg = Release|Any CPU
		{949A28CB-EF79-FB70-CCF6-9FFA8BDA218F}.Release|Any CPU.Build.0 = Release|Any CPU
		{7D77CFAA-171C-4944-88B6-28F6AEBEE121}.Debug|Any CPU.ActiveCfg = Debug|Any CPU
		{7D77CFAA-171C-4944-88B6-28F6AEBEE121}.Debug|Any CPU.Build.0 = Debug|Any CPU
		{7D77CFAA-171C-4944-88B6-28F6AEBEE121}.Release|Any CPU.ActiveCfg = Release|Any CPU
		{7D77CFAA-171C-4944-88B6-28F6AEBEE121}.Release|Any CPU.Build.0 = Release|Any CPU
		{6E23B3B8-F7C8-9971-BB1D-E914D432A4C3}.Debug|Any CPU.ActiveCfg = Debug|Any CPU
		{6E23B3B8-F7C8-9971-BB1D-E914D432A4C3}.Debug|Any CPU.Build.0 = Debug|Any CPU
		{6E23B3B8-F7C8-9971-BB1D-E914D432A4C3}.Release|Any CPU.ActiveCfg = Release|Any CPU
		{6E23B3B8-F7C8-9971-BB1D-E914D432A4C3}.Release|Any CPU.Build.0 = Release|Any CPU
		{754A58EA-6BF2-8429-8A54-B4B2EE0CC486}.Debug|Any CPU.ActiveCfg = Debug|Any CPU
		{754A58EA-6BF2-8429-8A54-B4B2EE0CC486}.Debug|Any CPU.Build.0 = Debug|Any CPU
		{754A58EA-6BF2-8429-8A54-B4B2EE0CC486}.Release|Any CPU.ActiveCfg = Release|Any CPU
		{754A58EA-6BF2-8429-8A54-B4B2EE0CC486}.Release|Any CPU.Build.0 = Release|Any CPU
		{24210D8A-D6C6-B641-5EF7-0E72C8C3385A}.Debug|Any CPU.ActiveCfg = Debug|Any CPU
		{24210D8A-D6C6-B641-5EF7-0E72C8C3385A}.Debug|Any CPU.Build.0 = Debug|Any CPU
		{24210D8A-D6C6-B641-5EF7-0E72C8C3385A}.Release|Any CPU.ActiveCfg = Release|Any CPU
		{24210D8A-D6C6-B641-5EF7-0E72C8C3385A}.Release|Any CPU.Build.0 = Release|Any CPU
		{7255D5B1-CF44-91AE-BE48-786B1E89BFF0}.Debug|Any CPU.ActiveCfg = Debug|Any CPU
		{7255D5B1-CF44-91AE-BE48-786B1E89BFF0}.Debug|Any CPU.Build.0 = Debug|Any CPU
		{7255D5B1-CF44-91AE-BE48-786B1E89BFF0}.Release|Any CPU.ActiveCfg = Release|Any CPU
		{7255D5B1-CF44-91AE-BE48-786B1E89BFF0}.Release|Any CPU.Build.0 = Release|Any CPU
		{A8B1B80F-BBCC-4365-E226-300195ED57CB}.Debug|Any CPU.ActiveCfg = Debug|Any CPU
		{A8B1B80F-BBCC-4365-E226-300195ED57CB}.Debug|Any CPU.Build.0 = Debug|Any CPU
		{A8B1B80F-BBCC-4365-E226-300195ED57CB}.Release|Any CPU.ActiveCfg = Release|Any CPU
		{A8B1B80F-BBCC-4365-E226-300195ED57CB}.Release|Any CPU.Build.0 = Release|Any CPU
		{F14C2D53-3ADC-A4C5-E31C-D64A00B25BF0}.Debug|Any CPU.ActiveCfg = Debug|Any CPU
		{F14C2D53-3ADC-A4C5-E31C-D64A00B25BF0}.Debug|Any CPU.Build.0 = Debug|Any CPU
		{F14C2D53-3ADC-A4C5-E31C-D64A00B25BF0}.Release|Any CPU.ActiveCfg = Release|Any CPU
		{F14C2D53-3ADC-A4C5-E31C-D64A00B25BF0}.Release|Any CPU.Build.0 = Release|Any CPU
		{FBF526CE-B711-C6D4-49F9-7EF943B48135}.Debug|Any CPU.ActiveCfg = Debug|Any CPU
		{FBF526CE-B711-C6D4-49F9-7EF943B48135}.Debug|Any CPU.Build.0 = Debug|Any CPU
		{FBF526CE-B711-C6D4-49F9-7EF943B48135}.Release|Any CPU.ActiveCfg = Release|Any CPU
		{FBF526CE-B711-C6D4-49F9-7EF943B48135}.Release|Any CPU.Build.0 = Release|Any CPU
		{93E860BD-DCE5-5721-DEE3-36AFE847F141}.Debug|Any CPU.ActiveCfg = Debug|Any CPU
		{93E860BD-DCE5-5721-DEE3-36AFE847F141}.Debug|Any CPU.Build.0 = Debug|Any CPU
		{93E860BD-DCE5-5721-DEE3-36AFE847F141}.Release|Any CPU.ActiveCfg = Release|Any CPU
		{93E860BD-DCE5-5721-DEE3-36AFE847F141}.Release|Any CPU.Build.0 = Release|Any CPU
		{B2C72B6B-FCF8-C70B-4AB0-793BA6173781}.Debug|Any CPU.ActiveCfg = Debug|Any CPU
		{B2C72B6B-FCF8-C70B-4AB0-793BA6173781}.Debug|Any CPU.Build.0 = Debug|Any CPU
		{B2C72B6B-FCF8-C70B-4AB0-793BA6173781}.Release|Any CPU.ActiveCfg = Release|Any CPU
		{B2C72B6B-FCF8-C70B-4AB0-793BA6173781}.Release|Any CPU.Build.0 = Release|Any CPU
		{0D980862-9F6D-3D0D-D5BD-CDB88CC092F5}.Debug|Any CPU.ActiveCfg = Debug|Any CPU
		{0D980862-9F6D-3D0D-D5BD-CDB88CC092F5}.Debug|Any CPU.Build.0 = Debug|Any CPU
		{0D980862-9F6D-3D0D-D5BD-CDB88CC092F5}.Release|Any CPU.ActiveCfg = Release|Any CPU
		{0D980862-9F6D-3D0D-D5BD-CDB88CC092F5}.Release|Any CPU.Build.0 = Release|Any CPU
		{7962A644-632E-FDEF-2B46-14AA7245BE1E}.Debug|Any CPU.ActiveCfg = Debug|Any CPU
		{7962A644-632E-FDEF-2B46-14AA7245BE1E}.Debug|Any CPU.Build.0 = Debug|Any CPU
		{7962A644-632E-FDEF-2B46-14AA7245BE1E}.Release|Any CPU.ActiveCfg = Release|Any CPU
		{7962A644-632E-FDEF-2B46-14AA7245BE1E}.Release|Any CPU.Build.0 = Release|Any CPU
		{40256BE1-8403-0A40-0A3A-CF3C3B02A4FF}.Debug|Any CPU.ActiveCfg = Debug|Any CPU
		{40256BE1-8403-0A40-0A3A-CF3C3B02A4FF}.Debug|Any CPU.Build.0 = Debug|Any CPU
		{40256BE1-8403-0A40-0A3A-CF3C3B02A4FF}.Release|Any CPU.ActiveCfg = Release|Any CPU
		{40256BE1-8403-0A40-0A3A-CF3C3B02A4FF}.Release|Any CPU.Build.0 = Release|Any CPU
		{EE024A71-CE61-5AB3-9E35-F3D4D5842BEC}.Debug|Any CPU.ActiveCfg = Debug|Any CPU
		{EE024A71-CE61-5AB3-9E35-F3D4D5842BEC}.Debug|Any CPU.Build.0 = Debug|Any CPU
		{EE024A71-CE61-5AB3-9E35-F3D4D5842BEC}.Release|Any CPU.ActiveCfg = Release|Any CPU
		{EE024A71-CE61-5AB3-9E35-F3D4D5842BEC}.Release|Any CPU.Build.0 = Release|Any CPU
		{49D6D14A-B33A-46FE-E3AC-E6EC3344368E}.Debug|Any CPU.ActiveCfg = Debug|Any CPU
		{49D6D14A-B33A-46FE-E3AC-E6EC3344368E}.Debug|Any CPU.Build.0 = Debug|Any CPU
		{49D6D14A-B33A-46FE-E3AC-E6EC3344368E}.Release|Any CPU.ActiveCfg = Release|Any CPU
		{49D6D14A-B33A-46FE-E3AC-E6EC3344368E}.Release|Any CPU.Build.0 = Release|Any CPU
		{4D146B05-B9CA-2BBE-7B63-422E69650E81}.Debug|Any CPU.ActiveCfg = Debug|Any CPU
		{4D146B05-B9CA-2BBE-7B63-422E69650E81}.Debug|Any CPU.Build.0 = Debug|Any CPU
		{4D146B05-B9CA-2BBE-7B63-422E69650E81}.Release|Any CPU.ActiveCfg = Release|Any CPU
		{4D146B05-B9CA-2BBE-7B63-422E69650E81}.Release|Any CPU.Build.0 = Release|Any CPU
		{F48A97B5-F381-4F1D-8C59-D8A11CE3517C}.Debug|Any CPU.ActiveCfg = Debug|Any CPU
		{F48A97B5-F381-4F1D-8C59-D8A11CE3517C}.Debug|Any CPU.Build.0 = Debug|Any CPU
		{F48A97B5-F381-4F1D-8C59-D8A11CE3517C}.Release|Any CPU.ActiveCfg = Release|Any CPU
		{F48A97B5-F381-4F1D-8C59-D8A11CE3517C}.Release|Any CPU.Build.0 = Release|Any CPU
		{C6E72EF1-74D3-40B8-8179-20B28EB8E76F}.Debug|Any CPU.ActiveCfg = Debug|Any CPU
		{C6E72EF1-74D3-40B8-8179-20B28EB8E76F}.Debug|Any CPU.Build.0 = Debug|Any CPU
		{C6E72EF1-74D3-40B8-8179-20B28EB8E76F}.Release|Any CPU.ActiveCfg = Release|Any CPU
		{C6E72EF1-74D3-40B8-8179-20B28EB8E76F}.Release|Any CPU.Build.0 = Release|Any CPU
		{DA629E28-3C03-4527-B7BF-320134A1DD10}.Debug|Any CPU.ActiveCfg = Debug|Any CPU
		{DA629E28-3C03-4527-B7BF-320134A1DD10}.Debug|Any CPU.Build.0 = Debug|Any CPU
		{DA629E28-3C03-4527-B7BF-320134A1DD10}.Release|Any CPU.ActiveCfg = Release|Any CPU
		{DA629E28-3C03-4527-B7BF-320134A1DD10}.Release|Any CPU.Build.0 = Release|Any CPU
		{D507D597-6816-4788-AC9D-91D7F824FD06}.Debug|Any CPU.ActiveCfg = Debug|Any CPU
		{D507D597-6816-4788-AC9D-91D7F824FD06}.Debug|Any CPU.Build.0 = Debug|Any CPU
		{D507D597-6816-4788-AC9D-91D7F824FD06}.Release|Any CPU.ActiveCfg = Release|Any CPU
		{D507D597-6816-4788-AC9D-91D7F824FD06}.Release|Any CPU.Build.0 = Release|Any CPU
		{FD533064-FC05-4CDF-8C9B-B24C6FDFC1FA}.Debug|Any CPU.ActiveCfg = Debug|Any CPU
		{FD533064-FC05-4CDF-8C9B-B24C6FDFC1FA}.Debug|Any CPU.Build.0 = Debug|Any CPU
		{FD533064-FC05-4CDF-8C9B-B24C6FDFC1FA}.Release|Any CPU.ActiveCfg = Release|Any CPU
		{FD533064-FC05-4CDF-8C9B-B24C6FDFC1FA}.Release|Any CPU.Build.0 = Release|Any CPU
		{716E7930-79C6-40BD-94C1-0ED44239E612}.Debug|Any CPU.ActiveCfg = Debug|Any CPU
		{716E7930-79C6-40BD-94C1-0ED44239E612}.Debug|Any CPU.Build.0 = Debug|Any CPU
		{716E7930-79C6-40BD-94C1-0ED44239E612}.Release|Any CPU.ActiveCfg = Release|Any CPU
		{716E7930-79C6-40BD-94C1-0ED44239E612}.Release|Any CPU.Build.0 = Release|Any CPU
		{BAB2994F-C739-93D7-F48E-844F0688E4D5}.Debug|Any CPU.ActiveCfg = Debug|Any CPU
		{BAB2994F-C739-93D7-F48E-844F0688E4D5}.Debug|Any CPU.Build.0 = Debug|Any CPU
		{BAB2994F-C739-93D7-F48E-844F0688E4D5}.Release|Any CPU.ActiveCfg = Release|Any CPU
		{BAB2994F-C739-93D7-F48E-844F0688E4D5}.Release|Any CPU.Build.0 = Release|Any CPU
		{A5253D9A-E8C4-771D-1AE9-2D8F6D987DAD}.Debug|Any CPU.ActiveCfg = Debug|Any CPU
		{A5253D9A-E8C4-771D-1AE9-2D8F6D987DAD}.Debug|Any CPU.Build.0 = Debug|Any CPU
		{A5253D9A-E8C4-771D-1AE9-2D8F6D987DAD}.Release|Any CPU.ActiveCfg = Release|Any CPU
		{A5253D9A-E8C4-771D-1AE9-2D8F6D987DAD}.Release|Any CPU.Build.0 = Release|Any CPU
		{C6E58977-8950-C5F8-DFC4-12A3D4275653}.Debug|Any CPU.ActiveCfg = Debug|Any CPU
		{C6E58977-8950-C5F8-DFC4-12A3D4275653}.Debug|Any CPU.Build.0 = Debug|Any CPU
		{C6E58977-8950-C5F8-DFC4-12A3D4275653}.Release|Any CPU.ActiveCfg = Release|Any CPU
		{C6E58977-8950-C5F8-DFC4-12A3D4275653}.Release|Any CPU.Build.0 = Release|Any CPU
		{41DC6663-E17B-06C3-ED1B-60BF46110103}.Debug|Any CPU.ActiveCfg = Debug|Any CPU
		{41DC6663-E17B-06C3-ED1B-60BF46110103}.Debug|Any CPU.Build.0 = Debug|Any CPU
		{41DC6663-E17B-06C3-ED1B-60BF46110103}.Release|Any CPU.ActiveCfg = Release|Any CPU
		{41DC6663-E17B-06C3-ED1B-60BF46110103}.Release|Any CPU.Build.0 = Release|Any CPU
		{B17322D8-F7E5-19CE-5CEA-1F81567ED5A2}.Debug|Any CPU.ActiveCfg = Debug|Any CPU
		{B17322D8-F7E5-19CE-5CEA-1F81567ED5A2}.Debug|Any CPU.Build.0 = Debug|Any CPU
		{B17322D8-F7E5-19CE-5CEA-1F81567ED5A2}.Release|Any CPU.ActiveCfg = Release|Any CPU
		{B17322D8-F7E5-19CE-5CEA-1F81567ED5A2}.Release|Any CPU.Build.0 = Release|Any CPU
		{C4FE5E0C-8641-B3C2-6FAC-66FC5CDF41EF}.Debug|Any CPU.ActiveCfg = Debug|Any CPU
		{C4FE5E0C-8641-B3C2-6FAC-66FC5CDF41EF}.Debug|Any CPU.Build.0 = Debug|Any CPU
		{C4FE5E0C-8641-B3C2-6FAC-66FC5CDF41EF}.Release|Any CPU.ActiveCfg = Release|Any CPU
		{C4FE5E0C-8641-B3C2-6FAC-66FC5CDF41EF}.Release|Any CPU.Build.0 = Release|Any CPU
		{32F7035B-8EE3-46E0-7581-3FE6EC634204}.Debug|Any CPU.ActiveCfg = Debug|Any CPU
		{32F7035B-8EE3-46E0-7581-3FE6EC634204}.Debug|Any CPU.Build.0 = Debug|Any CPU
		{32F7035B-8EE3-46E0-7581-3FE6EC634204}.Release|Any CPU.ActiveCfg = Release|Any CPU
		{32F7035B-8EE3-46E0-7581-3FE6EC634204}.Release|Any CPU.Build.0 = Release|Any CPU
		{A0A4ED94-D743-41B9-9E69-88FF2770CE35}.Debug|Any CPU.ActiveCfg = Debug|Any CPU
		{A0A4ED94-D743-41B9-9E69-88FF2770CE35}.Debug|Any CPU.Build.0 = Debug|Any CPU
		{A0A4ED94-D743-41B9-9E69-88FF2770CE35}.Release|Any CPU.ActiveCfg = Release|Any CPU
		{A0A4ED94-D743-41B9-9E69-88FF2770CE35}.Release|Any CPU.Build.0 = Release|Any CPU
		{D32CFE8A-F6E7-4628-9657-8C9E57F832C2}.Debug|Any CPU.ActiveCfg = Debug|Any CPU
		{D32CFE8A-F6E7-4628-9657-8C9E57F832C2}.Debug|Any CPU.Build.0 = Debug|Any CPU
		{D32CFE8A-F6E7-4628-9657-8C9E57F832C2}.Release|Any CPU.ActiveCfg = Release|Any CPU
		{D32CFE8A-F6E7-4628-9657-8C9E57F832C2}.Release|Any CPU.Build.0 = Release|Any CPU
		{A03EE571-946E-4F55-A2B0-1F7297CBC0DD}.Debug|Any CPU.ActiveCfg = Debug|Any CPU
		{A03EE571-946E-4F55-A2B0-1F7297CBC0DD}.Debug|Any CPU.Build.0 = Debug|Any CPU
		{A03EE571-946E-4F55-A2B0-1F7297CBC0DD}.Release|Any CPU.ActiveCfg = Release|Any CPU
		{A03EE571-946E-4F55-A2B0-1F7297CBC0DD}.Release|Any CPU.Build.0 = Release|Any CPU
		{C70637AF-3C7C-A304-3360-769723D37C5D}.Debug|Any CPU.ActiveCfg = Debug|Any CPU
		{C70637AF-3C7C-A304-3360-769723D37C5D}.Debug|Any CPU.Build.0 = Debug|Any CPU
		{C70637AF-3C7C-A304-3360-769723D37C5D}.Release|Any CPU.ActiveCfg = Release|Any CPU
		{C70637AF-3C7C-A304-3360-769723D37C5D}.Release|Any CPU.Build.0 = Release|Any CPU
		{007DDAE1-8CC6-4E3B-81E9-E93F6D5E5518}.Debug|Any CPU.ActiveCfg = Debug|Any CPU
		{007DDAE1-8CC6-4E3B-81E9-E93F6D5E5518}.Debug|Any CPU.Build.0 = Debug|Any CPU
		{007DDAE1-8CC6-4E3B-81E9-E93F6D5E5518}.Release|Any CPU.ActiveCfg = Release|Any CPU
		{007DDAE1-8CC6-4E3B-81E9-E93F6D5E5518}.Release|Any CPU.Build.0 = Release|Any CPU
		{A510835A-D095-46DB-982F-08E8F8027A60}.Debug|Any CPU.ActiveCfg = Debug|Any CPU
		{A510835A-D095-46DB-982F-08E8F8027A60}.Debug|Any CPU.Build.0 = Debug|Any CPU
		{A510835A-D095-46DB-982F-08E8F8027A60}.Release|Any CPU.ActiveCfg = Release|Any CPU
		{A510835A-D095-46DB-982F-08E8F8027A60}.Release|Any CPU.Build.0 = Release|Any CPU
		{B8362A8B-4181-4ABD-A1BB-971C618F8A97}.Debug|Any CPU.ActiveCfg = Debug|Any CPU
		{B8362A8B-4181-4ABD-A1BB-971C618F8A97}.Debug|Any CPU.Build.0 = Debug|Any CPU
		{B8362A8B-4181-4ABD-A1BB-971C618F8A97}.Release|Any CPU.ActiveCfg = Release|Any CPU
		{B8362A8B-4181-4ABD-A1BB-971C618F8A97}.Release|Any CPU.Build.0 = Release|Any CPU
		{51F9B5D7-A911-403E-87F5-377977EDDE6C}.Debug|Any CPU.ActiveCfg = Debug|Any CPU
		{51F9B5D7-A911-403E-87F5-377977EDDE6C}.Debug|Any CPU.Build.0 = Debug|Any CPU
		{51F9B5D7-A911-403E-87F5-377977EDDE6C}.Release|Any CPU.ActiveCfg = Release|Any CPU
		{51F9B5D7-A911-403E-87F5-377977EDDE6C}.Release|Any CPU.Build.0 = Release|Any CPU
		{BB1766CF-6CCC-4947-8289-2D8F692F792F}.Debug|Any CPU.ActiveCfg = Debug|Any CPU
		{BB1766CF-6CCC-4947-8289-2D8F692F792F}.Debug|Any CPU.Build.0 = Debug|Any CPU
		{BB1766CF-6CCC-4947-8289-2D8F692F792F}.Release|Any CPU.ActiveCfg = Release|Any CPU
		{BB1766CF-6CCC-4947-8289-2D8F692F792F}.Release|Any CPU.Build.0 = Release|Any CPU
		{C82DF953-DA5F-416F-A133-924C43EECF5F}.Debug|Any CPU.ActiveCfg = Debug|Any CPU
		{C82DF953-DA5F-416F-A133-924C43EECF5F}.Debug|Any CPU.Build.0 = Debug|Any CPU
		{C82DF953-DA5F-416F-A133-924C43EECF5F}.Release|Any CPU.ActiveCfg = Release|Any CPU
		{C82DF953-DA5F-416F-A133-924C43EECF5F}.Release|Any CPU.Build.0 = Release|Any CPU
		{30E6FC65-58F4-01E5-0E8A-B858D9F69961}.Debug|Any CPU.ActiveCfg = Debug|Any CPU
		{30E6FC65-58F4-01E5-0E8A-B858D9F69961}.Debug|Any CPU.Build.0 = Debug|Any CPU
		{30E6FC65-58F4-01E5-0E8A-B858D9F69961}.Release|Any CPU.ActiveCfg = Release|Any CPU
		{30E6FC65-58F4-01E5-0E8A-B858D9F69961}.Release|Any CPU.Build.0 = Release|Any CPU
		{5E90C961-CF2F-04F3-F86F-674BB217D65B}.Debug|Any CPU.ActiveCfg = Debug|Any CPU
		{5E90C961-CF2F-04F3-F86F-674BB217D65B}.Debug|Any CPU.Build.0 = Debug|Any CPU
		{5E90C961-CF2F-04F3-F86F-674BB217D65B}.Release|Any CPU.ActiveCfg = Release|Any CPU
		{5E90C961-CF2F-04F3-F86F-674BB217D65B}.Release|Any CPU.Build.0 = Release|Any CPU
		{A99537B5-5AD9-BE4A-BEBF-3B1ED6BCFF15}.Debug|Any CPU.ActiveCfg = Debug|Any CPU
		{A99537B5-5AD9-BE4A-BEBF-3B1ED6BCFF15}.Debug|Any CPU.Build.0 = Debug|Any CPU
		{A99537B5-5AD9-BE4A-BEBF-3B1ED6BCFF15}.Release|Any CPU.ActiveCfg = Release|Any CPU
		{A99537B5-5AD9-BE4A-BEBF-3B1ED6BCFF15}.Release|Any CPU.Build.0 = Release|Any CPU
		{9BCF8BFF-A83E-DC29-A986-37ED27341FF0}.Debug|Any CPU.ActiveCfg = Debug|Any CPU
		{9BCF8BFF-A83E-DC29-A986-37ED27341FF0}.Debug|Any CPU.Build.0 = Debug|Any CPU
		{9BCF8BFF-A83E-DC29-A986-37ED27341FF0}.Release|Any CPU.ActiveCfg = Release|Any CPU
		{9BCF8BFF-A83E-DC29-A986-37ED27341FF0}.Release|Any CPU.Build.0 = Release|Any CPU
		{C740F69B-C1E1-4CC3-9F32-CDF9F4E9A240}.Debug|Any CPU.ActiveCfg = Debug|Any CPU
		{C740F69B-C1E1-4CC3-9F32-CDF9F4E9A240}.Debug|Any CPU.Build.0 = Debug|Any CPU
		{C740F69B-C1E1-4CC3-9F32-CDF9F4E9A240}.Release|Any CPU.ActiveCfg = Release|Any CPU
		{C740F69B-C1E1-4CC3-9F32-CDF9F4E9A240}.Release|Any CPU.Build.0 = Release|Any CPU
		{8DF5FEC0-1E1E-5AEA-499C-354CD8475710}.Debug|Any CPU.ActiveCfg = Debug|Any CPU
		{8DF5FEC0-1E1E-5AEA-499C-354CD8475710}.Debug|Any CPU.Build.0 = Debug|Any CPU
		{8DF5FEC0-1E1E-5AEA-499C-354CD8475710}.Release|Any CPU.ActiveCfg = Release|Any CPU
		{8DF5FEC0-1E1E-5AEA-499C-354CD8475710}.Release|Any CPU.Build.0 = Release|Any CPU
		{F11BA505-5351-B17E-6A54-9EEE22054417}.Debug|Any CPU.ActiveCfg = Debug|Any CPU
		{F11BA505-5351-B17E-6A54-9EEE22054417}.Debug|Any CPU.Build.0 = Debug|Any CPU
		{F11BA505-5351-B17E-6A54-9EEE22054417}.Release|Any CPU.ActiveCfg = Release|Any CPU
		{F11BA505-5351-B17E-6A54-9EEE22054417}.Release|Any CPU.Build.0 = Release|Any CPU
		{C2F62461-D7AC-F229-4C77-7CD7847A32F6}.Debug|Any CPU.ActiveCfg = Debug|Any CPU
		{C2F62461-D7AC-F229-4C77-7CD7847A32F6}.Debug|Any CPU.Build.0 = Debug|Any CPU
		{C2F62461-D7AC-F229-4C77-7CD7847A32F6}.Release|Any CPU.ActiveCfg = Release|Any CPU
		{C2F62461-D7AC-F229-4C77-7CD7847A32F6}.Release|Any CPU.Build.0 = Release|Any CPU
		{01909DFE-7951-4057-BF04-D369F620DCAF}.Debug|Any CPU.ActiveCfg = Debug|Any CPU
		{01909DFE-7951-4057-BF04-D369F620DCAF}.Debug|Any CPU.Build.0 = Debug|Any CPU
		{01909DFE-7951-4057-BF04-D369F620DCAF}.Release|Any CPU.ActiveCfg = Release|Any CPU
		{01909DFE-7951-4057-BF04-D369F620DCAF}.Release|Any CPU.Build.0 = Release|Any CPU
		{19435C66-5590-4B4B-BF98-9439ED5723EB}.Debug|Any CPU.ActiveCfg = Debug|Any CPU
		{19435C66-5590-4B4B-BF98-9439ED5723EB}.Debug|Any CPU.Build.0 = Debug|Any CPU
		{19435C66-5590-4B4B-BF98-9439ED5723EB}.Release|Any CPU.ActiveCfg = Release|Any CPU
		{19435C66-5590-4B4B-BF98-9439ED5723EB}.Release|Any CPU.Build.0 = Release|Any CPU
		{BC57B6DA-D7DB-47C2-BDAC-642A76BB08DA}.Debug|Any CPU.ActiveCfg = Debug|Any CPU
		{BC57B6DA-D7DB-47C2-BDAC-642A76BB08DA}.Debug|Any CPU.Build.0 = Debug|Any CPU
		{BC57B6DA-D7DB-47C2-BDAC-642A76BB08DA}.Release|Any CPU.ActiveCfg = Release|Any CPU
		{BC57B6DA-D7DB-47C2-BDAC-642A76BB08DA}.Release|Any CPU.Build.0 = Release|Any CPU
		{24C1FF06-652F-43E1-B8A2-1A673D80F0A0}.Debug|Any CPU.ActiveCfg = Debug|Any CPU
		{24C1FF06-652F-43E1-B8A2-1A673D80F0A0}.Debug|Any CPU.Build.0 = Debug|Any CPU
		{24C1FF06-652F-43E1-B8A2-1A673D80F0A0}.Release|Any CPU.ActiveCfg = Release|Any CPU
		{24C1FF06-652F-43E1-B8A2-1A673D80F0A0}.Release|Any CPU.Build.0 = Release|Any CPU
		{5E0E8A27-4EE7-4811-8685-68255C0AA8BE}.Debug|Any CPU.ActiveCfg = Debug|Any CPU
		{5E0E8A27-4EE7-4811-8685-68255C0AA8BE}.Debug|Any CPU.Build.0 = Debug|Any CPU
		{5E0E8A27-4EE7-4811-8685-68255C0AA8BE}.Release|Any CPU.ActiveCfg = Release|Any CPU
		{5E0E8A27-4EE7-4811-8685-68255C0AA8BE}.Release|Any CPU.Build.0 = Release|Any CPU
		{E7A1F69B-7528-4BC6-A6DC-0F68BCE1464E}.Debug|Any CPU.ActiveCfg = Debug|Any CPU
		{E7A1F69B-7528-4BC6-A6DC-0F68BCE1464E}.Debug|Any CPU.Build.0 = Debug|Any CPU
		{E7A1F69B-7528-4BC6-A6DC-0F68BCE1464E}.Release|Any CPU.ActiveCfg = Release|Any CPU
		{E7A1F69B-7528-4BC6-A6DC-0F68BCE1464E}.Release|Any CPU.Build.0 = Release|Any CPU
		{89153C0D-1299-43BB-8BEA-FB9B44AE73C4}.Debug|Any CPU.ActiveCfg = Debug|Any CPU
		{89153C0D-1299-43BB-8BEA-FB9B44AE73C4}.Debug|Any CPU.Build.0 = Debug|Any CPU
		{89153C0D-1299-43BB-8BEA-FB9B44AE73C4}.Release|Any CPU.ActiveCfg = Release|Any CPU
		{89153C0D-1299-43BB-8BEA-FB9B44AE73C4}.Release|Any CPU.Build.0 = Release|Any CPU
		{DFB4A1FB-D34F-429F-AC1C-6B4AE3E92FC4}.Debug|Any CPU.ActiveCfg = Debug|Any CPU
		{DFB4A1FB-D34F-429F-AC1C-6B4AE3E92FC4}.Debug|Any CPU.Build.0 = Debug|Any CPU
		{DFB4A1FB-D34F-429F-AC1C-6B4AE3E92FC4}.Release|Any CPU.ActiveCfg = Release|Any CPU
		{DFB4A1FB-D34F-429F-AC1C-6B4AE3E92FC4}.Release|Any CPU.Build.0 = Release|Any CPU
		{C4AFC670-9169-4092-9EE8-639A11E7D824}.Debug|Any CPU.ActiveCfg = Debug|Any CPU
		{C4AFC670-9169-4092-9EE8-639A11E7D824}.Debug|Any CPU.Build.0 = Debug|Any CPU
		{C4AFC670-9169-4092-9EE8-639A11E7D824}.Release|Any CPU.ActiveCfg = Release|Any CPU
		{C4AFC670-9169-4092-9EE8-639A11E7D824}.Release|Any CPU.Build.0 = Release|Any CPU
		{23540D36-FC36-4E34-BEC2-D6EC946D3C66}.Debug|Any CPU.ActiveCfg = Debug|Any CPU
		{23540D36-FC36-4E34-BEC2-D6EC946D3C66}.Debug|Any CPU.Build.0 = Debug|Any CPU
		{23540D36-FC36-4E34-BEC2-D6EC946D3C66}.Release|Any CPU.ActiveCfg = Release|Any CPU
		{23540D36-FC36-4E34-BEC2-D6EC946D3C66}.Release|Any CPU.Build.0 = Release|Any CPU
		{ACDAB340-3EA5-4466-A007-AFB8B0FAF305}.Debug|Any CPU.ActiveCfg = Debug|Any CPU
		{ACDAB340-3EA5-4466-A007-AFB8B0FAF305}.Debug|Any CPU.Build.0 = Debug|Any CPU
		{ACDAB340-3EA5-4466-A007-AFB8B0FAF305}.Release|Any CPU.ActiveCfg = Release|Any CPU
		{ACDAB340-3EA5-4466-A007-AFB8B0FAF305}.Release|Any CPU.Build.0 = Release|Any CPU
		{676F4809-F122-8744-1D24-AC233D8F684B}.Debug|Any CPU.ActiveCfg = Debug|Any CPU
		{676F4809-F122-8744-1D24-AC233D8F684B}.Debug|Any CPU.Build.0 = Debug|Any CPU
		{676F4809-F122-8744-1D24-AC233D8F684B}.Release|Any CPU.ActiveCfg = Release|Any CPU
		{676F4809-F122-8744-1D24-AC233D8F684B}.Release|Any CPU.Build.0 = Release|Any CPU
		{EF12DB9C-D01B-4D4D-AB2B-2DB150B80C0D}.Debug|Any CPU.ActiveCfg = Debug|Any CPU
		{EF12DB9C-D01B-4D4D-AB2B-2DB150B80C0D}.Debug|Any CPU.Build.0 = Debug|Any CPU
		{EF12DB9C-D01B-4D4D-AB2B-2DB150B80C0D}.Release|Any CPU.ActiveCfg = Release|Any CPU
		{EF12DB9C-D01B-4D4D-AB2B-2DB150B80C0D}.Release|Any CPU.Build.0 = Release|Any CPU
		{7F302F4B-FA21-4E92-BCFC-59E83EBA8566}.Debug|Any CPU.ActiveCfg = Debug|Any CPU
		{7F302F4B-FA21-4E92-BCFC-59E83EBA8566}.Debug|Any CPU.Build.0 = Debug|Any CPU
		{7F302F4B-FA21-4E92-BCFC-59E83EBA8566}.Release|Any CPU.ActiveCfg = Release|Any CPU
		{7F302F4B-FA21-4E92-BCFC-59E83EBA8566}.Release|Any CPU.Build.0 = Release|Any CPU
		{4BA24505-2942-4AEE-8380-55324AA18F91}.Debug|Any CPU.ActiveCfg = Debug|Any CPU
		{4BA24505-2942-4AEE-8380-55324AA18F91}.Debug|Any CPU.Build.0 = Debug|Any CPU
		{4BA24505-2942-4AEE-8380-55324AA18F91}.Release|Any CPU.ActiveCfg = Release|Any CPU
		{4BA24505-2942-4AEE-8380-55324AA18F91}.Release|Any CPU.Build.0 = Release|Any CPU
		{5853989C-532F-4A7E-9EC4-8F73748FF1D5}.Debug|Any CPU.ActiveCfg = Debug|Any CPU
		{5853989C-532F-4A7E-9EC4-8F73748FF1D5}.Debug|Any CPU.Build.0 = Debug|Any CPU
		{5853989C-532F-4A7E-9EC4-8F73748FF1D5}.Release|Any CPU.ActiveCfg = Release|Any CPU
		{5853989C-532F-4A7E-9EC4-8F73748FF1D5}.Release|Any CPU.Build.0 = Release|Any CPU
		{C57F400B-44F1-4F21-BE38-4223A0334C68}.Debug|Any CPU.ActiveCfg = Debug|Any CPU
		{C57F400B-44F1-4F21-BE38-4223A0334C68}.Debug|Any CPU.Build.0 = Debug|Any CPU
		{C57F400B-44F1-4F21-BE38-4223A0334C68}.Release|Any CPU.ActiveCfg = Release|Any CPU
		{C57F400B-44F1-4F21-BE38-4223A0334C68}.Release|Any CPU.Build.0 = Release|Any CPU
		{337CC7BA-2194-1DA8-83F4-686A26036FED}.Debug|Any CPU.ActiveCfg = Debug|Any CPU
		{337CC7BA-2194-1DA8-83F4-686A26036FED}.Debug|Any CPU.Build.0 = Debug|Any CPU
		{337CC7BA-2194-1DA8-83F4-686A26036FED}.Release|Any CPU.ActiveCfg = Release|Any CPU
		{337CC7BA-2194-1DA8-83F4-686A26036FED}.Release|Any CPU.Build.0 = Release|Any CPU
		{78190F19-75B2-9661-4650-0FFECAD37BC4}.Debug|Any CPU.ActiveCfg = Debug|Any CPU
		{78190F19-75B2-9661-4650-0FFECAD37BC4}.Debug|Any CPU.Build.0 = Debug|Any CPU
		{78190F19-75B2-9661-4650-0FFECAD37BC4}.Release|Any CPU.ActiveCfg = Release|Any CPU
		{78190F19-75B2-9661-4650-0FFECAD37BC4}.Release|Any CPU.Build.0 = Release|Any CPU
		{8F98FFDF-E33A-45CC-87E0-4A83458AAE6F}.Debug|Any CPU.ActiveCfg = Debug|Any CPU
		{8F98FFDF-E33A-45CC-87E0-4A83458AAE6F}.Debug|Any CPU.Build.0 = Debug|Any CPU
		{8F98FFDF-E33A-45CC-87E0-4A83458AAE6F}.Release|Any CPU.ActiveCfg = Release|Any CPU
		{8F98FFDF-E33A-45CC-87E0-4A83458AAE6F}.Release|Any CPU.Build.0 = Release|Any CPU
		{D702F5B9-CD73-4EF4-ACB5-820AD8FE57B8}.Debug|Any CPU.ActiveCfg = Debug|Any CPU
		{D702F5B9-CD73-4EF4-ACB5-820AD8FE57B8}.Debug|Any CPU.Build.0 = Debug|Any CPU
		{D702F5B9-CD73-4EF4-ACB5-820AD8FE57B8}.Release|Any CPU.ActiveCfg = Release|Any CPU
		{D702F5B9-CD73-4EF4-ACB5-820AD8FE57B8}.Release|Any CPU.Build.0 = Release|Any CPU
		{BB1CCE31-41D3-4A1D-A125-1AC8411AEF3B}.Debug|Any CPU.ActiveCfg = Debug|Any CPU
		{BB1CCE31-41D3-4A1D-A125-1AC8411AEF3B}.Debug|Any CPU.Build.0 = Debug|Any CPU
		{BB1CCE31-41D3-4A1D-A125-1AC8411AEF3B}.Release|Any CPU.ActiveCfg = Release|Any CPU
		{BB1CCE31-41D3-4A1D-A125-1AC8411AEF3B}.Release|Any CPU.Build.0 = Release|Any CPU
		{697B164C-0AA0-4459-B11B-29AEF78B2427}.Debug|Any CPU.ActiveCfg = Debug|Any CPU
		{697B164C-0AA0-4459-B11B-29AEF78B2427}.Debug|Any CPU.Build.0 = Debug|Any CPU
		{697B164C-0AA0-4459-B11B-29AEF78B2427}.Release|Any CPU.ActiveCfg = Release|Any CPU
		{697B164C-0AA0-4459-B11B-29AEF78B2427}.Release|Any CPU.Build.0 = Release|Any CPU
		{9BD2E0C3-06CE-7BDA-D69A-07AADFFE7AEB}.Debug|Any CPU.ActiveCfg = Debug|Any CPU
		{9BD2E0C3-06CE-7BDA-D69A-07AADFFE7AEB}.Debug|Any CPU.Build.0 = Debug|Any CPU
		{9BD2E0C3-06CE-7BDA-D69A-07AADFFE7AEB}.Release|Any CPU.ActiveCfg = Release|Any CPU
		{9BD2E0C3-06CE-7BDA-D69A-07AADFFE7AEB}.Release|Any CPU.Build.0 = Release|Any CPU
		{2005AE76-0ACA-67E7-3732-D527A2325917}.Debug|Any CPU.ActiveCfg = Debug|Any CPU
		{2005AE76-0ACA-67E7-3732-D527A2325917}.Debug|Any CPU.Build.0 = Debug|Any CPU
		{2005AE76-0ACA-67E7-3732-D527A2325917}.Release|Any CPU.ActiveCfg = Release|Any CPU
		{2005AE76-0ACA-67E7-3732-D527A2325917}.Release|Any CPU.Build.0 = Release|Any CPU
		{6DCC14ED-36C6-4681-9AE2-DC5ED38BD8CB}.Debug|Any CPU.ActiveCfg = Debug|Any CPU
		{6DCC14ED-36C6-4681-9AE2-DC5ED38BD8CB}.Debug|Any CPU.Build.0 = Debug|Any CPU
		{6DCC14ED-36C6-4681-9AE2-DC5ED38BD8CB}.Release|Any CPU.ActiveCfg = Release|Any CPU
		{6DCC14ED-36C6-4681-9AE2-DC5ED38BD8CB}.Release|Any CPU.Build.0 = Release|Any CPU
		{8FADF81C-8FFB-4AD0-AC04-BF3B5A6BA839}.Debug|Any CPU.ActiveCfg = Debug|Any CPU
		{8FADF81C-8FFB-4AD0-AC04-BF3B5A6BA839}.Debug|Any CPU.Build.0 = Debug|Any CPU
		{8FADF81C-8FFB-4AD0-AC04-BF3B5A6BA839}.Release|Any CPU.ActiveCfg = Release|Any CPU
		{8FADF81C-8FFB-4AD0-AC04-BF3B5A6BA839}.Release|Any CPU.Build.0 = Release|Any CPU
		{6535F795-45DD-40AE-9B94-6DD091327861}.Debug|Any CPU.ActiveCfg = Debug|Any CPU
		{6535F795-45DD-40AE-9B94-6DD091327861}.Debug|Any CPU.Build.0 = Debug|Any CPU
		{6535F795-45DD-40AE-9B94-6DD091327861}.Release|Any CPU.ActiveCfg = Release|Any CPU
		{6535F795-45DD-40AE-9B94-6DD091327861}.Release|Any CPU.Build.0 = Release|Any CPU
		{D72F41C7-DC81-4C49-BD77-259EDC3929F6}.Debug|Any CPU.ActiveCfg = Debug|Any CPU
		{D72F41C7-DC81-4C49-BD77-259EDC3929F6}.Debug|Any CPU.Build.0 = Debug|Any CPU
		{D72F41C7-DC81-4C49-BD77-259EDC3929F6}.Release|Any CPU.ActiveCfg = Release|Any CPU
		{D72F41C7-DC81-4C49-BD77-259EDC3929F6}.Release|Any CPU.Build.0 = Release|Any CPU
		{057F225F-AF49-4BEC-9E4D-3BF092435B2C}.Debug|Any CPU.ActiveCfg = Debug|Any CPU
		{057F225F-AF49-4BEC-9E4D-3BF092435B2C}.Debug|Any CPU.Build.0 = Debug|Any CPU
		{057F225F-AF49-4BEC-9E4D-3BF092435B2C}.Release|Any CPU.ActiveCfg = Release|Any CPU
		{057F225F-AF49-4BEC-9E4D-3BF092435B2C}.Release|Any CPU.Build.0 = Release|Any CPU
		{BD30B166-EB30-4E8D-B75D-92EC0EE4728D}.Debug|Any CPU.ActiveCfg = Debug|Any CPU
		{BD30B166-EB30-4E8D-B75D-92EC0EE4728D}.Debug|Any CPU.Build.0 = Debug|Any CPU
		{BD30B166-EB30-4E8D-B75D-92EC0EE4728D}.Release|Any CPU.ActiveCfg = Release|Any CPU
		{BD30B166-EB30-4E8D-B75D-92EC0EE4728D}.Release|Any CPU.Build.0 = Release|Any CPU
	EndGlobalSection
	GlobalSection(SolutionProperties) = preSolution
		HideSolutionNode = FALSE
	EndGlobalSection
	GlobalSection(NestedProjects) = preSolution
		{F9A31D17-17DE-5DF1-1272-7CBEFBFA3B66} = {6C7E5914-CD6B-40F1-BFD7-8FB17E3EAE11}
		{E9EBC933-F349-9840-E719-B578A87B49B8} = {6C7E5914-CD6B-40F1-BFD7-8FB17E3EAE11}
		{A58AD0B1-1295-E8F6-E8B0-E1AB16591B1F} = {6C7E5914-CD6B-40F1-BFD7-8FB17E3EAE11}
		{2944B279-3495-6CAC-80C6-7279BA2DA66C} = {9D50B35B-1EAA-4620-B0A6-245456051247}
		{6C598365-8A4A-EB94-1A86-4AA4DD739C5D} = {6C7E5914-CD6B-40F1-BFD7-8FB17E3EAE11}
		{0398D748-E3D3-4A3F-8A40-381B34ED102E} = {6C7E5914-CD6B-40F1-BFD7-8FB17E3EAE11}
		{89526AB8-B395-5E2B-FB38-30F37C685B68} = {0398D748-E3D3-4A3F-8A40-381B34ED102E}
		{B1087F13-29CF-758B-03AB-E503CB534537} = {0398D748-E3D3-4A3F-8A40-381B34ED102E}
		{42C7EB75-8DB5-1CAB-F569-6AC953B98299} = {0398D748-E3D3-4A3F-8A40-381B34ED102E}
		{D988C4D9-6809-4015-BFE8-43809D1B7B12} = {9BC89E41-835A-46A8-B536-06AED03AE51B}
		{02EA681E-C7D8-13C7-8484-4AC65E1B71E8} = {6C7E5914-CD6B-40F1-BFD7-8FB17E3EAE11}
		{F12EC684-22FD-CDA2-8E28-1E44BDB4DB97} = {02EA681E-C7D8-13C7-8484-4AC65E1B71E8}
		{98516112-1F20-2C76-699D-A62E713184C1} = {02EA681E-C7D8-13C7-8484-4AC65E1B71E8}
		{844EE037-4AA2-4E82-9890-406761B8E4F5} = {9BC89E41-835A-46A8-B536-06AED03AE51B}
		{116C6E5A-2F6B-68E1-E873-53154BF368B7} = {02EA681E-C7D8-13C7-8484-4AC65E1B71E8}
		{A1C1A046-E0C9-4F16-BB92-3F80915DDFB6} = {6C7E5914-CD6B-40F1-BFD7-8FB17E3EAE11}
		{BCEA2315-9296-4246-B791-48DB41BB68C3} = {6C7E5914-CD6B-40F1-BFD7-8FB17E3EAE11}
		{528A145C-4FD1-39AB-5E14-4AE625D2A4A7} = {BCEA2315-9296-4246-B791-48DB41BB68C3}
		{8ECB30F7-8D7A-06CC-23C5-A86F50F4E967} = {BCEA2315-9296-4246-B791-48DB41BB68C3}
		{949A28CB-EF79-FB70-CCF6-9FFA8BDA218F} = {BCEA2315-9296-4246-B791-48DB41BB68C3}
		{7D77CFAA-171C-4944-88B6-28F6AEBEE121} = {9BC89E41-835A-46A8-B536-06AED03AE51B}
		{BE0DC7D7-1719-48C7-A544-39547BF914A5} = {6C7E5914-CD6B-40F1-BFD7-8FB17E3EAE11}
		{6E23B3B8-F7C8-9971-BB1D-E914D432A4C3} = {BE0DC7D7-1719-48C7-A544-39547BF914A5}
		{754A58EA-6BF2-8429-8A54-B4B2EE0CC486} = {BE0DC7D7-1719-48C7-A544-39547BF914A5}
		{DC7C2BB0-C2FD-4944-841D-D6ADF9555EB5} = {6C7E5914-CD6B-40F1-BFD7-8FB17E3EAE11}
		{24210D8A-D6C6-B641-5EF7-0E72C8C3385A} = {DC7C2BB0-C2FD-4944-841D-D6ADF9555EB5}
		{7255D5B1-CF44-91AE-BE48-786B1E89BFF0} = {DC7C2BB0-C2FD-4944-841D-D6ADF9555EB5}
		{A8B1B80F-BBCC-4365-E226-300195ED57CB} = {DC7C2BB0-C2FD-4944-841D-D6ADF9555EB5}
		{F14C2D53-3ADC-A4C5-E31C-D64A00B25BF0} = {DC7C2BB0-C2FD-4944-841D-D6ADF9555EB5}
		{FBF526CE-B711-C6D4-49F9-7EF943B48135} = {DC7C2BB0-C2FD-4944-841D-D6ADF9555EB5}
		{9D12CB01-00FE-428B-BA7A-CA1615CD4CD4} = {6C7E5914-CD6B-40F1-BFD7-8FB17E3EAE11}
		{93E860BD-DCE5-5721-DEE3-36AFE847F141} = {9D12CB01-00FE-428B-BA7A-CA1615CD4CD4}
		{B2C72B6B-FCF8-C70B-4AB0-793BA6173781} = {9D12CB01-00FE-428B-BA7A-CA1615CD4CD4}
		{0D980862-9F6D-3D0D-D5BD-CDB88CC092F5} = {9D50B35B-1EAA-4620-B0A6-245456051247}
		{28AE005A-3C36-4720-A4DF-DBAA6211D085} = {6C7E5914-CD6B-40F1-BFD7-8FB17E3EAE11}
		{7962A644-632E-FDEF-2B46-14AA7245BE1E} = {28AE005A-3C36-4720-A4DF-DBAA6211D085}
		{40256BE1-8403-0A40-0A3A-CF3C3B02A4FF} = {28AE005A-3C36-4720-A4DF-DBAA6211D085}
		{EE024A71-CE61-5AB3-9E35-F3D4D5842BEC} = {28AE005A-3C36-4720-A4DF-DBAA6211D085}
		{49D6D14A-B33A-46FE-E3AC-E6EC3344368E} = {28AE005A-3C36-4720-A4DF-DBAA6211D085}
		{4D146B05-B9CA-2BBE-7B63-422E69650E81} = {28AE005A-3C36-4720-A4DF-DBAA6211D085}
		{F48A97B5-F381-4F1D-8C59-D8A11CE3517C} = {722C64C5-24BA-42F5-87FD-7009FFC6218E}
		{C6E72EF1-74D3-40B8-8179-20B28EB8E76F} = {722C64C5-24BA-42F5-87FD-7009FFC6218E}
		{722C64C5-24BA-42F5-87FD-7009FFC6218E} = {6C7E5914-CD6B-40F1-BFD7-8FB17E3EAE11}
		{DA629E28-3C03-4527-B7BF-320134A1DD10} = {722C64C5-24BA-42F5-87FD-7009FFC6218E}
		{D507D597-6816-4788-AC9D-91D7F824FD06} = {722C64C5-24BA-42F5-87FD-7009FFC6218E}
		{FD533064-FC05-4CDF-8C9B-B24C6FDFC1FA} = {722C64C5-24BA-42F5-87FD-7009FFC6218E}
		{716E7930-79C6-40BD-94C1-0ED44239E612} = {722C64C5-24BA-42F5-87FD-7009FFC6218E}
		{C1077C14-6D5B-4FA5-9D03-01EBCB967992} = {6C7E5914-CD6B-40F1-BFD7-8FB17E3EAE11}
		{BAB2994F-C739-93D7-F48E-844F0688E4D5} = {C1077C14-6D5B-4FA5-9D03-01EBCB967992}
		{A5253D9A-E8C4-771D-1AE9-2D8F6D987DAD} = {C1077C14-6D5B-4FA5-9D03-01EBCB967992}
		{C6E58977-8950-C5F8-DFC4-12A3D4275653} = {C1077C14-6D5B-4FA5-9D03-01EBCB967992}
		{41DC6663-E17B-06C3-ED1B-60BF46110103} = {C1077C14-6D5B-4FA5-9D03-01EBCB967992}
		{B17322D8-F7E5-19CE-5CEA-1F81567ED5A2} = {C1077C14-6D5B-4FA5-9D03-01EBCB967992}
		{C4FE5E0C-8641-B3C2-6FAC-66FC5CDF41EF} = {9D50B35B-1EAA-4620-B0A6-245456051247}
		{32F7035B-8EE3-46E0-7581-3FE6EC634204} = {9D50B35B-1EAA-4620-B0A6-245456051247}
		{A0A4ED94-D743-41B9-9E69-88FF2770CE35} = {9D50B35B-1EAA-4620-B0A6-245456051247}
		{B0211214-C5BE-4574-8B2C-D9A3C5D3D5F5} = {6C7E5914-CD6B-40F1-BFD7-8FB17E3EAE11}
		{D32CFE8A-F6E7-4628-9657-8C9E57F832C2} = {B0211214-C5BE-4574-8B2C-D9A3C5D3D5F5}
		{A03EE571-946E-4F55-A2B0-1F7297CBC0DD} = {B0211214-C5BE-4574-8B2C-D9A3C5D3D5F5}
		{C70637AF-3C7C-A304-3360-769723D37C5D} = {B0211214-C5BE-4574-8B2C-D9A3C5D3D5F5}
		{007DDAE1-8CC6-4E3B-81E9-E93F6D5E5518} = {9BC89E41-835A-46A8-B536-06AED03AE51B}
		{A510835A-D095-46DB-982F-08E8F8027A60} = {B0211214-C5BE-4574-8B2C-D9A3C5D3D5F5}
		{B8362A8B-4181-4ABD-A1BB-971C618F8A97} = {9D50B35B-1EAA-4620-B0A6-245456051247}
		{51F9B5D7-A911-403E-87F5-377977EDDE6C} = {9D50B35B-1EAA-4620-B0A6-245456051247}
		{BB1766CF-6CCC-4947-8289-2D8F692F792F} = {9D50B35B-1EAA-4620-B0A6-245456051247}
		{C82DF953-DA5F-416F-A133-924C43EECF5F} = {B0211214-C5BE-4574-8B2C-D9A3C5D3D5F5}
		{3B410A2B-E24A-4831-9C89-9C6E5C743847} = {6C7E5914-CD6B-40F1-BFD7-8FB17E3EAE11}
		{30E6FC65-58F4-01E5-0E8A-B858D9F69961} = {3B410A2B-E24A-4831-9C89-9C6E5C743847}
		{EE9A170C-9884-4831-BF4E-6B556F3B5D81} = {6C7E5914-CD6B-40F1-BFD7-8FB17E3EAE11}
		{5E90C961-CF2F-04F3-F86F-674BB217D65B} = {EE9A170C-9884-4831-BF4E-6B556F3B5D81}
		{A99537B5-5AD9-BE4A-BEBF-3B1ED6BCFF15} = {EE9A170C-9884-4831-BF4E-6B556F3B5D81}
		{9BCF8BFF-A83E-DC29-A986-37ED27341FF0} = {EE9A170C-9884-4831-BF4E-6B556F3B5D81}
		{C740F69B-C1E1-4CC3-9F32-CDF9F4E9A240} = {9BC89E41-835A-46A8-B536-06AED03AE51B}
		{B9029880-50A3-4AD2-84AD-D62A6390BBC2} = {6C7E5914-CD6B-40F1-BFD7-8FB17E3EAE11}
		{8DF5FEC0-1E1E-5AEA-499C-354CD8475710} = {B9029880-50A3-4AD2-84AD-D62A6390BBC2}
		{F11BA505-5351-B17E-6A54-9EEE22054417} = {B9029880-50A3-4AD2-84AD-D62A6390BBC2}
		{C2F62461-D7AC-F229-4C77-7CD7847A32F6} = {B9029880-50A3-4AD2-84AD-D62A6390BBC2}
		{01909DFE-7951-4057-BF04-D369F620DCAF} = {B9029880-50A3-4AD2-84AD-D62A6390BBC2}
		{6CFCC653-0D48-4D3B-8E45-6A2788F9A93A} = {6C7E5914-CD6B-40F1-BFD7-8FB17E3EAE11}
		{19435C66-5590-4B4B-BF98-9439ED5723EB} = {6CFCC653-0D48-4D3B-8E45-6A2788F9A93A}
		{BC57B6DA-D7DB-47C2-BDAC-642A76BB08DA} = {6CFCC653-0D48-4D3B-8E45-6A2788F9A93A}
		{24C1FF06-652F-43E1-B8A2-1A673D80F0A0} = {6CFCC653-0D48-4D3B-8E45-6A2788F9A93A}
		{5E0E8A27-4EE7-4811-8685-68255C0AA8BE} = {9BC89E41-835A-46A8-B536-06AED03AE51B}
		{BC1738FA-F0C3-49E4-BBBE-B027927A1228} = {6C7E5914-CD6B-40F1-BFD7-8FB17E3EAE11}
		{E7A1F69B-7528-4BC6-A6DC-0F68BCE1464E} = {BC1738FA-F0C3-49E4-BBBE-B027927A1228}
		{89153C0D-1299-43BB-8BEA-FB9B44AE73C4} = {BC1738FA-F0C3-49E4-BBBE-B027927A1228}
		{DFB4A1FB-D34F-429F-AC1C-6B4AE3E92FC4} = {9D50B35B-1EAA-4620-B0A6-245456051247}
		{B960A3CD-4AB7-44C4-8DCA-F77E03C30E37} = {6C7E5914-CD6B-40F1-BFD7-8FB17E3EAE11}
		{C4AFC670-9169-4092-9EE8-639A11E7D824} = {B960A3CD-4AB7-44C4-8DCA-F77E03C30E37}
		{23540D36-FC36-4E34-BEC2-D6EC946D3C66} = {B960A3CD-4AB7-44C4-8DCA-F77E03C30E37}
		{ACDAB340-3EA5-4466-A007-AFB8B0FAF305} = {B960A3CD-4AB7-44C4-8DCA-F77E03C30E37}
		{9C9C2395-C140-4A88-87BC-25C6F813DF41} = {9D50B35B-1EAA-4620-B0A6-245456051247}
		{676F4809-F122-8744-1D24-AC233D8F684B} = {9C9C2395-C140-4A88-87BC-25C6F813DF41}
		{EF12DB9C-D01B-4D4D-AB2B-2DB150B80C0D} = {9C9C2395-C140-4A88-87BC-25C6F813DF41}
		{7F302F4B-FA21-4E92-BCFC-59E83EBA8566} = {9C9C2395-C140-4A88-87BC-25C6F813DF41}
		{4BA24505-2942-4AEE-8380-55324AA18F91} = {9BC89E41-835A-46A8-B536-06AED03AE51B}
		{5853989C-532F-4A7E-9EC4-8F73748FF1D5} = {BC1738FA-F0C3-49E4-BBBE-B027927A1228}
		{4943E962-9D18-44A4-9276-EB5F5A77957E} = {6C7E5914-CD6B-40F1-BFD7-8FB17E3EAE11}
		{C57F400B-44F1-4F21-BE38-4223A0334C68} = {9BC89E41-835A-46A8-B536-06AED03AE51B}
		{337CC7BA-2194-1DA8-83F4-686A26036FED} = {4943E962-9D18-44A4-9276-EB5F5A77957E}
		{78190F19-75B2-9661-4650-0FFECAD37BC4} = {4943E962-9D18-44A4-9276-EB5F5A77957E}
		{8F98FFDF-E33A-45CC-87E0-4A83458AAE6F} = {4943E962-9D18-44A4-9276-EB5F5A77957E}
		{53FED22C-2C5C-41A9-9BF9-C55AB36362A6} = {9D50B35B-1EAA-4620-B0A6-245456051247}
		{D702F5B9-CD73-4EF4-ACB5-820AD8FE57B8} = {53FED22C-2C5C-41A9-9BF9-C55AB36362A6}
		{BB1CCE31-41D3-4A1D-A125-1AC8411AEF3B} = {53FED22C-2C5C-41A9-9BF9-C55AB36362A6}
		{697B164C-0AA0-4459-B11B-29AEF78B2427} = {6C7E5914-CD6B-40F1-BFD7-8FB17E3EAE11}
		{9BD2E0C3-06CE-7BDA-D69A-07AADFFE7AEB} = {4943E962-9D18-44A4-9276-EB5F5A77957E}
		{2005AE76-0ACA-67E7-3732-D527A2325917} = {53FED22C-2C5C-41A9-9BF9-C55AB36362A6}
		{9122636E-4EB3-4BBE-B36C-05BA3DE45EE6} = {6C7E5914-CD6B-40F1-BFD7-8FB17E3EAE11}
		{6DCC14ED-36C6-4681-9AE2-DC5ED38BD8CB} = {9122636E-4EB3-4BBE-B36C-05BA3DE45EE6}
		{8FADF81C-8FFB-4AD0-AC04-BF3B5A6BA839} = {9122636E-4EB3-4BBE-B36C-05BA3DE45EE6}
		{6535F795-45DD-40AE-9B94-6DD091327861} = {B9029880-50A3-4AD2-84AD-D62A6390BBC2}
		{D72F41C7-DC81-4C49-BD77-259EDC3929F6} = {B9029880-50A3-4AD2-84AD-D62A6390BBC2}
		{057F225F-AF49-4BEC-9E4D-3BF092435B2C} = {B9029880-50A3-4AD2-84AD-D62A6390BBC2}
		{BD30B166-EB30-4E8D-B75D-92EC0EE4728D} = {9BC89E41-835A-46A8-B536-06AED03AE51B}
	EndGlobalSection
	GlobalSection(ExtensibilityGlobals) = postSolution
		SolutionGuid = {DB11BB21-3F5D-42D6-8737-F19C0666F1F8}
	EndGlobalSection
EndGlobal
